
Microsoft Visual Studio Solution File, Format Version 12.00
# Visual Studio Version 16
VisualStudioVersion = 16.0.31702.278
MinimumVisualStudioVersion = 10.0.40219.1
Project("{8BC9CEB8-8B4A-11D0-8D11-00A0C91BC942}") = "1966", "1966\1966.vcxproj", "{28940D97-4315-476A-8E6F-E14F518BB398}"
EndProject
Project("{8BC9CEB8-8B4A-11D0-8D11-00A0C91BC942}") = "1874", "1874\1874.vcxproj", "{8F1038C2-E2A1-44DE-B7A4-1059DDAD4F1E}"
EndProject
Project("{8BC9CEB8-8B4A-11D0-8D11-00A0C91BC942}") = "2798", "2798\2798.vcxproj", "{57950867-F349-42BD-B0E0-757144B38C7E}"
EndProject
Project("{8BC9CEB8-8B4A-11D0-8D11-00A0C91BC942}") = "5397", "5397\5397.vcxproj", "{B470F947-1DE7-4AD0-9182-EB47AA9BCE1F}"
EndProject
Project("{8BC9CEB8-8B4A-11D0-8D11-00A0C91BC942}") = "1920", "1920\1920.vcxproj", "{5396A20C-307E-4B7D-9E87-937CC675A649}"
EndProject
Project("{8BC9CEB8-8B4A-11D0-8D11-00A0C91BC942}") = "4195", "4195\4195.vcxproj", "{9720B361-19B5-4E9A-B246-038DC5445158}"
EndProject
Project("{8BC9CEB8-8B4A-11D0-8D11-00A0C91BC942}") = "4195withUnionFind", "4195withUnionFind\4195withUnionFind.vcxproj", "{F737B401-D86A-4773-AE91-5BCA2B8C2D30}"
EndProject
Project("{8BC9CEB8-8B4A-11D0-8D11-00A0C91BC942}") = "2750", "2750\2750.vcxproj", "{8E63810D-6720-4AEC-B7D8-90E7B9EF48C0}"
EndProject
Project("{8BC9CEB8-8B4A-11D0-8D11-00A0C91BC942}") = "1427", "1427\1427.vcxproj", "{A04CAFC5-1FE6-4FFF-B4BE-4CC23968F963}"
EndProject
Project("{8BC9CEB8-8B4A-11D0-8D11-00A0C91BC942}") = "10814", "10814\10814.vcxproj", "{96EF3AEF-47DB-4298-A51C-5B16695AE0CA}"
EndProject
Project("{8BC9CEB8-8B4A-11D0-8D11-00A0C91BC942}") = "11650", "11650\11650.vcxproj", "{A0BFC008-9D15-48E0-88C5-A32D3E909C12}"
EndProject
Project("{8BC9CEB8-8B4A-11D0-8D11-00A0C91BC942}") = "10989", "10989\10989.vcxproj", "{B249FC8D-ABEF-4190-AE74-C12EF683075B}"
EndProject
Project("{8BC9CEB8-8B4A-11D0-8D11-00A0C91BC942}") = "2747", "2747\2747.vcxproj", "{D8008206-B626-4EF4-B995-F44A603F0936}"
EndProject
Project("{8BC9CEB8-8B4A-11D0-8D11-00A0C91BC942}") = "1300", "1300\1300.vcxproj", "{897AB52F-5A51-4E55-B2A6-B89809850E9A}"
EndProject
Project("{8BC9CEB8-8B4A-11D0-8D11-00A0C91BC942}") = "1074", "1074\1074.vcxproj", "{968424A9-12F5-48E3-BC27-D81F3CA2BA59}"
EndProject
Project("{8BC9CEB8-8B4A-11D0-8D11-00A0C91BC942}") = "7450", "7450\7450.vcxproj", "{50313555-8C73-42C1-BC6E-7B0A200BBB8A}"
EndProject
Project("{8BC9CEB8-8B4A-11D0-8D11-00A0C91BC942}") = "2110", "2110\2110.vcxproj", "{0D8E1470-98F8-4FE6-B471-BCCE4CC6D51E}"
EndProject
Project("{8BC9CEB8-8B4A-11D0-8D11-00A0C91BC942}") = "11004", "11004\11004.vcxproj", "{ED20E6B2-469F-4EBE-9906-4B792EEC48E6}"
EndProject
Project("{8BC9CEB8-8B4A-11D0-8D11-00A0C91BC942}") = "unSuccessList", "unSuccessList\unSuccessList.vcxproj", "{266F8ADC-82E4-451E-A223-2293B8F50986}"
EndProject
Project("{8BC9CEB8-8B4A-11D0-8D11-00A0C91BC942}") = "1543", "1543\1543.vcxproj", "{E6EFA480-E383-4ED5-B0E8-34FF661A2C01}"
EndProject
Project("{8BC9CEB8-8B4A-11D0-8D11-00A0C91BC942}") = "1568", "1568\1568.vcxproj", "{EBA4354A-59E8-43A2-94D3-9FEF6BA190F8}"
EndProject
Project("{8BC9CEB8-8B4A-11D0-8D11-00A0C91BC942}") = "1302", "1302\1302.vcxproj", "{7E814154-B3D4-4154-9E03-8818CB95723F}"
EndProject
Project("{8BC9CEB8-8B4A-11D0-8D11-00A0C91BC942}") = "1668", "1668\1668.vcxproj", "{3CC1E62E-BB0B-4437-9B05-34C64BE65616}"
EndProject
Project("{8BC9CEB8-8B4A-11D0-8D11-00A0C91BC942}") = "1236", "1236\1236.vcxproj", "{7F784A13-0306-4FCD-A80D-8892DB6D2D30}"
EndProject
Project("{8BC9CEB8-8B4A-11D0-8D11-00A0C91BC942}") = "1939", "1939\1939.vcxproj", "{DF6FCE46-13DF-4843-AE9B-CB59C6E353CA}"
EndProject
Project("{8BC9CEB8-8B4A-11D0-8D11-00A0C91BC942}") = "1774", "1774\1774.vcxproj", "{9DACF815-44E7-4548-9520-A35BF6641E53}"
EndProject
Project("{8BC9CEB8-8B4A-11D0-8D11-00A0C91BC942}") = "1991", "1991\1991.vcxproj", "{1F5C67AD-8E8E-4ACB-B252-D5DBD53F51BB}"
EndProject
Project("{8BC9CEB8-8B4A-11D0-8D11-00A0C91BC942}") = "2250", "2250\2250.vcxproj", "{3614FBE0-C85B-4BB8-9BCF-FDFEECAD0A5F}"
EndProject
Project("{8BC9CEB8-8B4A-11D0-8D11-00A0C91BC942}") = "Programers77484", "Programers77484\Programers77484.vcxproj", "{DB9250C8-937D-4C8C-B3A9-507B39B8ED0F}"
EndProject
Project("{8BC9CEB8-8B4A-11D0-8D11-00A0C91BC942}") = "1927", "1927\1927.vcxproj", "{FF618DE2-A593-453F-A1DA-067CE1B540BD}"
EndProject
Project("{8BC9CEB8-8B4A-11D0-8D11-00A0C91BC942}") = "1715", "1715\1715.vcxproj", "{09B88073-2292-4BFE-BCE0-67B9895A9D57}"
EndProject
Project("{8BC9CEB8-8B4A-11D0-8D11-00A0C91BC942}") = "1766", "1766\1766.vcxproj", "{675DF9AE-AAC1-4D1D-98ED-0E226D7F7488}"
EndProject
Project("{8BC9CEB8-8B4A-11D0-8D11-00A0C91BC942}") = "1005", "1005\1005.vcxproj", "{B5A45C06-E14D-4D80-8FE5-80423D2194D4}"
EndProject
Project("{8BC9CEB8-8B4A-11D0-8D11-00A0C91BC942}") = "1904", "1904\1904.vcxproj", "{5C1AC2ED-FEEC-41FE-9418-289A16CFC597}"
EndProject
Project("{8BC9CEB8-8B4A-11D0-8D11-00A0C91BC942}") = "12865", "12865\12865.vcxproj", "{9E50F41C-CD74-43A3-B3A2-E112A4D99AD1}"
EndProject
Project("{8BC9CEB8-8B4A-11D0-8D11-00A0C91BC942}") = "11053", "11053\11053.vcxproj", "{7F1DABC4-DC93-4F05-84E1-FD42ECD49227}"
EndProject
Project("{8BC9CEB8-8B4A-11D0-8D11-00A0C91BC942}") = "9251", "9251\9251.vcxproj", "{CB507AC8-0E77-44F2-93B6-D687BB1DDAF1}"
EndProject
Project("{8BC9CEB8-8B4A-11D0-8D11-00A0C91BC942}") = "1495", "1495\1495.vcxproj", "{62C8A736-E77F-4149-BDC9-7C500B2C8D5D}"
EndProject
Project("{8BC9CEB8-8B4A-11D0-8D11-00A0C91BC942}") = "2655", "2655\2655.vcxproj", "{D586AE87-4326-4FDB-A327-64E725059C95}"
EndProject
Project("{8BC9CEB8-8B4A-11D0-8D11-00A0C91BC942}") = "1260", "1260\1260.vcxproj", "{AAEB5634-0966-4F0A-8C45-B549532FA6BC}"
EndProject
Project("{8BC9CEB8-8B4A-11D0-8D11-00A0C91BC942}") = "1697", "1697\1697.vcxproj", "{C2F4A597-A4E6-4DD6-87D7-0EC09455AEFC}"
EndProject
Project("{8BC9CEB8-8B4A-11D0-8D11-00A0C91BC942}") = "2606", "2606\2606.vcxproj", "{376BBFAE-EE2C-470A-9555-CF10737FE517}"
EndProject
Project("{8BC9CEB8-8B4A-11D0-8D11-00A0C91BC942}") = "1012", "1012\1012.vcxproj", "{44EB6157-BDE5-4778-9991-02AAFCAB0C47}"
EndProject
Project("{8BC9CEB8-8B4A-11D0-8D11-00A0C91BC942}") = "1325", "1325\1325.vcxproj", "{C178E839-A53D-48F1-92AA-6710D9F618C8}"
EndProject
Project("{8BC9CEB8-8B4A-11D0-8D11-00A0C91BC942}") = "10282", "10282\10282.vcxproj", "{3C88B3EB-664C-4E74-A8DF-833ABFB75DC6}"
EndProject
Project("{8BC9CEB8-8B4A-11D0-8D11-00A0C91BC942}") = "18870", "18870\18870.vcxproj", "{08CDD516-3522-4123-90B5-9F8D5CBFB5F4}"
EndProject
Project("{8BC9CEB8-8B4A-11D0-8D11-00A0C91BC942}") = "5719", "5719\5719.vcxproj", "{EEBCBEE3-E348-46FD-B901-69559EEF1479}"
EndProject
Project("{8BC9CEB8-8B4A-11D0-8D11-00A0C91BC942}") = "9184", "9184\9184.vcxproj", "{7A861673-42CB-42AB-A72D-20123B77C51D}"
EndProject
Project("{8BC9CEB8-8B4A-11D0-8D11-00A0C91BC942}") = "1931", "1931\1931.vcxproj", "{05022FAE-FED7-49A2-920E-207D9AAF0454}"
EndProject
Project("{8BC9CEB8-8B4A-11D0-8D11-00A0C91BC942}") = "1439", "1439\1439.vcxproj", "{12AAB23D-6458-4761-B399-3065800321FA}"
EndProject
Project("{8BC9CEB8-8B4A-11D0-8D11-00A0C91BC942}") = "5585", "5585\5585.vcxproj", "{73077396-A0CF-427E-86AF-E85B7F884B14}"
EndProject
Project("{8BC9CEB8-8B4A-11D0-8D11-00A0C91BC942}") = "2012", "2012\2012.vcxproj", "{3693214D-6758-4FB2-ADFE-BC54ACF39E67}"
EndProject
Project("{8BC9CEB8-8B4A-11D0-8D11-00A0C91BC942}") = "1092", "1092\1092.vcxproj", "{604494EC-CE63-4F3E-8E34-6EBCA3942102}"
EndProject
Project("{8BC9CEB8-8B4A-11D0-8D11-00A0C91BC942}") = "2212", "2212\2212.vcxproj", "{7C97A67B-20AE-43FE-93EB-EECA45D0272F}"
EndProject
Project("{8BC9CEB8-8B4A-11D0-8D11-00A0C91BC942}") = "1461", "1461\1461.vcxproj", "{42058219-50A4-4D49-9544-454D5FECD4B6}"
EndProject
Project("{8BC9CEB8-8B4A-11D0-8D11-00A0C91BC942}") = "1781", "1781\1781.vcxproj", "{197258F8-17EE-4AA6-9B23-66D5980E7D77}"
EndProject
Project("{8BC9CEB8-8B4A-11D0-8D11-00A0C91BC942}") = "9663", "9663\9663.vcxproj", "{E69CC0B5-8074-4B2F-874C-35749BD3C04A}"
EndProject
Project("{8BC9CEB8-8B4A-11D0-8D11-00A0C91BC942}") = "1987", "1987\1987.vcxproj", "{192650E1-B241-4713-AC62-DF7CC994E888}"
EndProject
Project("{8BC9CEB8-8B4A-11D0-8D11-00A0C91BC942}") = "Programers42840", "Programers42840\Programers42840.vcxproj", "{4BDEC105-2608-4E1B-92C9-D87817054763}"
EndProject
Project("{8BC9CEB8-8B4A-11D0-8D11-00A0C91BC942}") = "1759", "1759\1759.vcxproj", "{A92E5983-7763-4933-9C39-311A47726F0F}"
EndProject
Project("{8BC9CEB8-8B4A-11D0-8D11-00A0C91BC942}") = "15969", "15969\15969.vcxproj", "{8C462F16-80FD-4BDC-A329-1574D31FE38A}"
EndProject
Project("{8BC9CEB8-8B4A-11D0-8D11-00A0C91BC942}") = "10539", "10539\10539.vcxproj", "{222DB6FC-421F-4F5D-ACA5-7AFA1734C30C}"
EndProject
Project("{8BC9CEB8-8B4A-11D0-8D11-00A0C91BC942}") = "17269", "17269\17269.vcxproj", "{0856F356-1005-4828-AC66-13D246C0941C}"
EndProject
Project("{8BC9CEB8-8B4A-11D0-8D11-00A0C91BC942}") = "16165", "16165\16165.vcxproj", "{3796F4A6-61CE-439B-AEE7-581AF44F2527}"
EndProject
Project("{8BC9CEB8-8B4A-11D0-8D11-00A0C91BC942}") = "17224", "17224\17224.vcxproj", "{D7CC3A55-4E39-4013-AD71-A1CB11DEEC8F}"
EndProject
Project("{8BC9CEB8-8B4A-11D0-8D11-00A0C91BC942}") = "9037", "9037\9037.vcxproj", "{C6776E60-0899-4B00-BBB0-A48C41E666C6}"
EndProject
Project("{8BC9CEB8-8B4A-11D0-8D11-00A0C91BC942}") = "16769", "16769\16769.vcxproj", "{8D862869-477D-44F4-B105-B4C8470F735C}"
EndProject
Project("{8BC9CEB8-8B4A-11D0-8D11-00A0C91BC942}") = "2480", "2480\2480.vcxproj", "{56CE437F-E116-47AD-8039-FB2F1B1CABD4}"
EndProject
Project("{8BC9CEB8-8B4A-11D0-8D11-00A0C91BC942}") = "2484", "2484\2484.vcxproj", "{EBFA2158-7BC7-41C6-8A08-05279542BFD9}"
EndProject
Project("{8BC9CEB8-8B4A-11D0-8D11-00A0C91BC942}") = "1932", "1932\1932.vcxproj", "{FC315016-EC19-4CF5-9225-C3A36D9C2A69}"
EndProject
Project("{8BC9CEB8-8B4A-11D0-8D11-00A0C91BC942}") = "9093", "9093\9093.vcxproj", "{986DB8C8-9CB5-4CAB-91ED-66B2CC37B616}"
EndProject
Project("{8BC9CEB8-8B4A-11D0-8D11-00A0C91BC942}") = "14620", "14620\14620.vcxproj", "{E1DBB780-563E-42E3-9871-BC4644FBD900}"
EndProject
Project("{8BC9CEB8-8B4A-11D0-8D11-00A0C91BC942}") = "16768", "16768\16768.vcxproj", "{DC1FFF0E-398D-4226-9036-C0ECE6ABF53D}"
EndProject
Project("{8BC9CEB8-8B4A-11D0-8D11-00A0C91BC942}") = "12100", "12100\12100.vcxproj", "{F4782C76-4354-42D7-96E2-CAD0E710E696}"
EndProject
Project("{8BC9CEB8-8B4A-11D0-8D11-00A0C91BC942}") = "17406", "17406\17406.vcxproj", "{624ED29C-C7D5-4DD6-B9BB-F3501A655348}"
EndProject
Project("{8BC9CEB8-8B4A-11D0-8D11-00A0C91BC942}") = "11055", "11055\11055.vcxproj", "{98A863BB-0DE9-4B75-A30B-5C9757D0DEDE}"
EndProject
Project("{8BC9CEB8-8B4A-11D0-8D11-00A0C91BC942}") = "2167", "2167\2167.vcxproj", "{EC124196-DB56-4425-A3B3-D562EC1CAE62}"
EndProject
Project("{8BC9CEB8-8B4A-11D0-8D11-00A0C91BC942}") = "1915", "1915\1915.vcxproj", "{38EF982B-8CBB-4631-AC22-2ED2B9F5FB92}"
EndProject
Project("{8BC9CEB8-8B4A-11D0-8D11-00A0C91BC942}") = "16676", "16676\16676.vcxproj", "{4713BF55-3682-4BC2-BBF8-3040C5DED040}"
EndProject
Project("{8BC9CEB8-8B4A-11D0-8D11-00A0C91BC942}") = "2437", "2437\2437.vcxproj", "{60F5D832-C240-4A53-AADC-A947A279DDC8}"
EndProject
Project("{8BC9CEB8-8B4A-11D0-8D11-00A0C91BC942}") = "1080", "1080\1080.vcxproj", "{C98DFAEF-050A-4D7F-8608-2E164459DF23}"
EndProject
Project("{8BC9CEB8-8B4A-11D0-8D11-00A0C91BC942}") = "2014", "2014\2014.vcxproj", "{48424F1D-7687-42BF-888A-BD8494D73281}"
EndProject
Project("{8BC9CEB8-8B4A-11D0-8D11-00A0C91BC942}") = "11066", "11066\11066.vcxproj", "{9C874FF5-50A0-46B5-B6F5-223014AA2FD9}"
EndProject
Project("{8BC9CEB8-8B4A-11D0-8D11-00A0C91BC942}") = "13975", "13975\13975.vcxproj", "{4FF3434B-809A-44B1-8597-3EF4FF9A0472}"
EndProject
Project("{8BC9CEB8-8B4A-11D0-8D11-00A0C91BC942}") = "1976", "1976\1976.vcxproj", "{95B216B9-35F8-4B00-88A3-6FE2F12513F6}"
EndProject
Project("{8BC9CEB8-8B4A-11D0-8D11-00A0C91BC942}") = "2805", "2805\2805.vcxproj", "{C8703607-2C16-48E3-9DAA-DAB2D30D4422}"
EndProject
Project("{8BC9CEB8-8B4A-11D0-8D11-00A0C91BC942}") = "1753", "1753\1753.vcxproj", "{9FE9363C-3FA8-48DD-B952-618FEC5502BC}"
EndProject
Project("{8BC9CEB8-8B4A-11D0-8D11-00A0C91BC942}") = "14888", "14888\14888.vcxproj", "{CDA0B10F-30B0-4303-A5F5-6E7093B49E77}"
EndProject
Project("{8BC9CEB8-8B4A-11D0-8D11-00A0C91BC942}") = "2252", "2252\2252.vcxproj", "{A6FF72DD-BB7D-4F6F-BBD0-4EB3FCB2022D}"
EndProject
Project("{8BC9CEB8-8B4A-11D0-8D11-00A0C91BC942}") = "2565", "2565\2565.vcxproj", "{B4D71736-6364-455D-B4D1-1470D86CB97F}"
EndProject
Project("{8BC9CEB8-8B4A-11D0-8D11-00A0C91BC942}") = "12015", "12015\12015.vcxproj", "{4A1EF274-1065-4774-9979-AF0B765C07B0}"
EndProject
Project("{8BC9CEB8-8B4A-11D0-8D11-00A0C91BC942}") = "13701", "13701\13701.vcxproj", "{A77DA238-BEF1-46AA-B38A-BC282CA7A10C}"
EndProject
Project("{8BC9CEB8-8B4A-11D0-8D11-00A0C91BC942}") = "3018", "3018\3018.vcxproj", "{69FC26E9-629A-4B47-AD31-3515302B6599}"
EndProject
Project("{8BC9CEB8-8B4A-11D0-8D11-00A0C91BC942}") = "20501", "20501\20501.vcxproj", "{5ED6B9CD-0349-4863-A4D2-3E3A80B45484}"
EndProject
Project("{8BC9CEB8-8B4A-11D0-8D11-00A0C91BC942}") = "Programers77885", "Programers77885\Programers77885.vcxproj", "{5E39C898-7F04-4DC5-9461-E810BC1ABCF3}"
EndProject
Project("{8BC9CEB8-8B4A-11D0-8D11-00A0C91BC942}") = "13913", "13913\13913.vcxproj", "{20B6B5ED-A9AE-4F87-9E00-4EC9D78E238B}"
EndProject
Project("{8BC9CEB8-8B4A-11D0-8D11-00A0C91BC942}") = "11723", "11723\11723.vcxproj", "{6D54A528-762A-4C38-80B1-9BB8EDDA7E47}"
EndProject
Project("{8BC9CEB8-8B4A-11D0-8D11-00A0C91BC942}") = "1806", "1806\1806.vcxproj", "{862A3F27-1E5B-4AAE-A240-66DC62669876}"
EndProject
Project("{8BC9CEB8-8B4A-11D0-8D11-00A0C91BC942}") = "2003", "2003\2003.vcxproj", "{5AA39752-5D3B-4F65-A3E5-AE309662A1B8}"
EndProject
Project("{8BC9CEB8-8B4A-11D0-8D11-00A0C91BC942}") = "1028", "1028\1028.vcxproj", "{BC99B097-3A21-4EC9-94DC-BA4AF187F1EF}"
EndProject
Project("{8BC9CEB8-8B4A-11D0-8D11-00A0C91BC942}") = "1039", "1039\1039.vcxproj", "{1D649FCA-0D08-4C86-A795-9ABF13B06AA5}"
EndProject
Global
	GlobalSection(SolutionConfigurationPlatforms) = preSolution
		Debug|x64 = Debug|x64
		Debug|x86 = Debug|x86
		Release|x64 = Release|x64
		Release|x86 = Release|x86
	EndGlobalSection
	GlobalSection(ProjectConfigurationPlatforms) = postSolution
		{28940D97-4315-476A-8E6F-E14F518BB398}.Debug|x64.ActiveCfg = Debug|x64
		{28940D97-4315-476A-8E6F-E14F518BB398}.Debug|x64.Build.0 = Debug|x64
		{28940D97-4315-476A-8E6F-E14F518BB398}.Debug|x86.ActiveCfg = Debug|Win32
		{28940D97-4315-476A-8E6F-E14F518BB398}.Debug|x86.Build.0 = Debug|Win32
		{28940D97-4315-476A-8E6F-E14F518BB398}.Release|x64.ActiveCfg = Release|x64
		{28940D97-4315-476A-8E6F-E14F518BB398}.Release|x64.Build.0 = Release|x64
		{28940D97-4315-476A-8E6F-E14F518BB398}.Release|x86.ActiveCfg = Release|Win32
		{28940D97-4315-476A-8E6F-E14F518BB398}.Release|x86.Build.0 = Release|Win32
		{8F1038C2-E2A1-44DE-B7A4-1059DDAD4F1E}.Debug|x64.ActiveCfg = Debug|x64
		{8F1038C2-E2A1-44DE-B7A4-1059DDAD4F1E}.Debug|x64.Build.0 = Debug|x64
		{8F1038C2-E2A1-44DE-B7A4-1059DDAD4F1E}.Debug|x86.ActiveCfg = Debug|Win32
		{8F1038C2-E2A1-44DE-B7A4-1059DDAD4F1E}.Debug|x86.Build.0 = Debug|Win32
		{8F1038C2-E2A1-44DE-B7A4-1059DDAD4F1E}.Release|x64.ActiveCfg = Release|x64
		{8F1038C2-E2A1-44DE-B7A4-1059DDAD4F1E}.Release|x64.Build.0 = Release|x64
		{8F1038C2-E2A1-44DE-B7A4-1059DDAD4F1E}.Release|x86.ActiveCfg = Release|Win32
		{8F1038C2-E2A1-44DE-B7A4-1059DDAD4F1E}.Release|x86.Build.0 = Release|Win32
		{57950867-F349-42BD-B0E0-757144B38C7E}.Debug|x64.ActiveCfg = Debug|x64
		{57950867-F349-42BD-B0E0-757144B38C7E}.Debug|x64.Build.0 = Debug|x64
		{57950867-F349-42BD-B0E0-757144B38C7E}.Debug|x86.ActiveCfg = Debug|Win32
		{57950867-F349-42BD-B0E0-757144B38C7E}.Debug|x86.Build.0 = Debug|Win32
		{57950867-F349-42BD-B0E0-757144B38C7E}.Release|x64.ActiveCfg = Release|x64
		{57950867-F349-42BD-B0E0-757144B38C7E}.Release|x64.Build.0 = Release|x64
		{57950867-F349-42BD-B0E0-757144B38C7E}.Release|x86.ActiveCfg = Release|Win32
		{57950867-F349-42BD-B0E0-757144B38C7E}.Release|x86.Build.0 = Release|Win32
		{B470F947-1DE7-4AD0-9182-EB47AA9BCE1F}.Debug|x64.ActiveCfg = Debug|x64
		{B470F947-1DE7-4AD0-9182-EB47AA9BCE1F}.Debug|x64.Build.0 = Debug|x64
		{B470F947-1DE7-4AD0-9182-EB47AA9BCE1F}.Debug|x86.ActiveCfg = Debug|Win32
		{B470F947-1DE7-4AD0-9182-EB47AA9BCE1F}.Debug|x86.Build.0 = Debug|Win32
		{B470F947-1DE7-4AD0-9182-EB47AA9BCE1F}.Release|x64.ActiveCfg = Release|x64
		{B470F947-1DE7-4AD0-9182-EB47AA9BCE1F}.Release|x64.Build.0 = Release|x64
		{B470F947-1DE7-4AD0-9182-EB47AA9BCE1F}.Release|x86.ActiveCfg = Release|Win32
		{B470F947-1DE7-4AD0-9182-EB47AA9BCE1F}.Release|x86.Build.0 = Release|Win32
		{5396A20C-307E-4B7D-9E87-937CC675A649}.Debug|x64.ActiveCfg = Debug|x64
		{5396A20C-307E-4B7D-9E87-937CC675A649}.Debug|x64.Build.0 = Debug|x64
		{5396A20C-307E-4B7D-9E87-937CC675A649}.Debug|x86.ActiveCfg = Debug|Win32
		{5396A20C-307E-4B7D-9E87-937CC675A649}.Debug|x86.Build.0 = Debug|Win32
		{5396A20C-307E-4B7D-9E87-937CC675A649}.Release|x64.ActiveCfg = Release|x64
		{5396A20C-307E-4B7D-9E87-937CC675A649}.Release|x64.Build.0 = Release|x64
		{5396A20C-307E-4B7D-9E87-937CC675A649}.Release|x86.ActiveCfg = Release|Win32
		{5396A20C-307E-4B7D-9E87-937CC675A649}.Release|x86.Build.0 = Release|Win32
		{9720B361-19B5-4E9A-B246-038DC5445158}.Debug|x64.ActiveCfg = Debug|x64
		{9720B361-19B5-4E9A-B246-038DC5445158}.Debug|x64.Build.0 = Debug|x64
		{9720B361-19B5-4E9A-B246-038DC5445158}.Debug|x86.ActiveCfg = Debug|Win32
		{9720B361-19B5-4E9A-B246-038DC5445158}.Debug|x86.Build.0 = Debug|Win32
		{9720B361-19B5-4E9A-B246-038DC5445158}.Release|x64.ActiveCfg = Release|x64
		{9720B361-19B5-4E9A-B246-038DC5445158}.Release|x64.Build.0 = Release|x64
		{9720B361-19B5-4E9A-B246-038DC5445158}.Release|x86.ActiveCfg = Release|Win32
		{9720B361-19B5-4E9A-B246-038DC5445158}.Release|x86.Build.0 = Release|Win32
		{F737B401-D86A-4773-AE91-5BCA2B8C2D30}.Debug|x64.ActiveCfg = Debug|x64
		{F737B401-D86A-4773-AE91-5BCA2B8C2D30}.Debug|x64.Build.0 = Debug|x64
		{F737B401-D86A-4773-AE91-5BCA2B8C2D30}.Debug|x86.ActiveCfg = Debug|Win32
		{F737B401-D86A-4773-AE91-5BCA2B8C2D30}.Debug|x86.Build.0 = Debug|Win32
		{F737B401-D86A-4773-AE91-5BCA2B8C2D30}.Release|x64.ActiveCfg = Release|x64
		{F737B401-D86A-4773-AE91-5BCA2B8C2D30}.Release|x64.Build.0 = Release|x64
		{F737B401-D86A-4773-AE91-5BCA2B8C2D30}.Release|x86.ActiveCfg = Release|Win32
		{F737B401-D86A-4773-AE91-5BCA2B8C2D30}.Release|x86.Build.0 = Release|Win32
		{8E63810D-6720-4AEC-B7D8-90E7B9EF48C0}.Debug|x64.ActiveCfg = Debug|x64
		{8E63810D-6720-4AEC-B7D8-90E7B9EF48C0}.Debug|x64.Build.0 = Debug|x64
		{8E63810D-6720-4AEC-B7D8-90E7B9EF48C0}.Debug|x86.ActiveCfg = Debug|Win32
		{8E63810D-6720-4AEC-B7D8-90E7B9EF48C0}.Debug|x86.Build.0 = Debug|Win32
		{8E63810D-6720-4AEC-B7D8-90E7B9EF48C0}.Release|x64.ActiveCfg = Release|x64
		{8E63810D-6720-4AEC-B7D8-90E7B9EF48C0}.Release|x64.Build.0 = Release|x64
		{8E63810D-6720-4AEC-B7D8-90E7B9EF48C0}.Release|x86.ActiveCfg = Release|Win32
		{8E63810D-6720-4AEC-B7D8-90E7B9EF48C0}.Release|x86.Build.0 = Release|Win32
		{A04CAFC5-1FE6-4FFF-B4BE-4CC23968F963}.Debug|x64.ActiveCfg = Debug|x64
		{A04CAFC5-1FE6-4FFF-B4BE-4CC23968F963}.Debug|x64.Build.0 = Debug|x64
		{A04CAFC5-1FE6-4FFF-B4BE-4CC23968F963}.Debug|x86.ActiveCfg = Debug|Win32
		{A04CAFC5-1FE6-4FFF-B4BE-4CC23968F963}.Debug|x86.Build.0 = Debug|Win32
		{A04CAFC5-1FE6-4FFF-B4BE-4CC23968F963}.Release|x64.ActiveCfg = Release|x64
		{A04CAFC5-1FE6-4FFF-B4BE-4CC23968F963}.Release|x64.Build.0 = Release|x64
		{A04CAFC5-1FE6-4FFF-B4BE-4CC23968F963}.Release|x86.ActiveCfg = Release|Win32
		{A04CAFC5-1FE6-4FFF-B4BE-4CC23968F963}.Release|x86.Build.0 = Release|Win32
		{96EF3AEF-47DB-4298-A51C-5B16695AE0CA}.Debug|x64.ActiveCfg = Debug|x64
		{96EF3AEF-47DB-4298-A51C-5B16695AE0CA}.Debug|x64.Build.0 = Debug|x64
		{96EF3AEF-47DB-4298-A51C-5B16695AE0CA}.Debug|x86.ActiveCfg = Debug|Win32
		{96EF3AEF-47DB-4298-A51C-5B16695AE0CA}.Debug|x86.Build.0 = Debug|Win32
		{96EF3AEF-47DB-4298-A51C-5B16695AE0CA}.Release|x64.ActiveCfg = Release|x64
		{96EF3AEF-47DB-4298-A51C-5B16695AE0CA}.Release|x64.Build.0 = Release|x64
		{96EF3AEF-47DB-4298-A51C-5B16695AE0CA}.Release|x86.ActiveCfg = Release|Win32
		{96EF3AEF-47DB-4298-A51C-5B16695AE0CA}.Release|x86.Build.0 = Release|Win32
		{A0BFC008-9D15-48E0-88C5-A32D3E909C12}.Debug|x64.ActiveCfg = Debug|x64
		{A0BFC008-9D15-48E0-88C5-A32D3E909C12}.Debug|x64.Build.0 = Debug|x64
		{A0BFC008-9D15-48E0-88C5-A32D3E909C12}.Debug|x86.ActiveCfg = Debug|Win32
		{A0BFC008-9D15-48E0-88C5-A32D3E909C12}.Debug|x86.Build.0 = Debug|Win32
		{A0BFC008-9D15-48E0-88C5-A32D3E909C12}.Release|x64.ActiveCfg = Release|x64
		{A0BFC008-9D15-48E0-88C5-A32D3E909C12}.Release|x64.Build.0 = Release|x64
		{A0BFC008-9D15-48E0-88C5-A32D3E909C12}.Release|x86.ActiveCfg = Release|Win32
		{A0BFC008-9D15-48E0-88C5-A32D3E909C12}.Release|x86.Build.0 = Release|Win32
		{B249FC8D-ABEF-4190-AE74-C12EF683075B}.Debug|x64.ActiveCfg = Debug|x64
		{B249FC8D-ABEF-4190-AE74-C12EF683075B}.Debug|x64.Build.0 = Debug|x64
		{B249FC8D-ABEF-4190-AE74-C12EF683075B}.Debug|x86.ActiveCfg = Debug|Win32
		{B249FC8D-ABEF-4190-AE74-C12EF683075B}.Debug|x86.Build.0 = Debug|Win32
		{B249FC8D-ABEF-4190-AE74-C12EF683075B}.Release|x64.ActiveCfg = Release|x64
		{B249FC8D-ABEF-4190-AE74-C12EF683075B}.Release|x64.Build.0 = Release|x64
		{B249FC8D-ABEF-4190-AE74-C12EF683075B}.Release|x86.ActiveCfg = Release|Win32
		{B249FC8D-ABEF-4190-AE74-C12EF683075B}.Release|x86.Build.0 = Release|Win32
		{D8008206-B626-4EF4-B995-F44A603F0936}.Debug|x64.ActiveCfg = Debug|x64
		{D8008206-B626-4EF4-B995-F44A603F0936}.Debug|x64.Build.0 = Debug|x64
		{D8008206-B626-4EF4-B995-F44A603F0936}.Debug|x86.ActiveCfg = Debug|Win32
		{D8008206-B626-4EF4-B995-F44A603F0936}.Debug|x86.Build.0 = Debug|Win32
		{D8008206-B626-4EF4-B995-F44A603F0936}.Release|x64.ActiveCfg = Release|x64
		{D8008206-B626-4EF4-B995-F44A603F0936}.Release|x64.Build.0 = Release|x64
		{D8008206-B626-4EF4-B995-F44A603F0936}.Release|x86.ActiveCfg = Release|Win32
		{D8008206-B626-4EF4-B995-F44A603F0936}.Release|x86.Build.0 = Release|Win32
		{897AB52F-5A51-4E55-B2A6-B89809850E9A}.Debug|x64.ActiveCfg = Debug|x64
		{897AB52F-5A51-4E55-B2A6-B89809850E9A}.Debug|x64.Build.0 = Debug|x64
		{897AB52F-5A51-4E55-B2A6-B89809850E9A}.Debug|x86.ActiveCfg = Debug|Win32
		{897AB52F-5A51-4E55-B2A6-B89809850E9A}.Debug|x86.Build.0 = Debug|Win32
		{897AB52F-5A51-4E55-B2A6-B89809850E9A}.Release|x64.ActiveCfg = Release|x64
		{897AB52F-5A51-4E55-B2A6-B89809850E9A}.Release|x64.Build.0 = Release|x64
		{897AB52F-5A51-4E55-B2A6-B89809850E9A}.Release|x86.ActiveCfg = Release|Win32
		{897AB52F-5A51-4E55-B2A6-B89809850E9A}.Release|x86.Build.0 = Release|Win32
		{968424A9-12F5-48E3-BC27-D81F3CA2BA59}.Debug|x64.ActiveCfg = Debug|x64
		{968424A9-12F5-48E3-BC27-D81F3CA2BA59}.Debug|x64.Build.0 = Debug|x64
		{968424A9-12F5-48E3-BC27-D81F3CA2BA59}.Debug|x86.ActiveCfg = Debug|Win32
		{968424A9-12F5-48E3-BC27-D81F3CA2BA59}.Debug|x86.Build.0 = Debug|Win32
		{968424A9-12F5-48E3-BC27-D81F3CA2BA59}.Release|x64.ActiveCfg = Release|x64
		{968424A9-12F5-48E3-BC27-D81F3CA2BA59}.Release|x64.Build.0 = Release|x64
		{968424A9-12F5-48E3-BC27-D81F3CA2BA59}.Release|x86.ActiveCfg = Release|Win32
		{968424A9-12F5-48E3-BC27-D81F3CA2BA59}.Release|x86.Build.0 = Release|Win32
		{50313555-8C73-42C1-BC6E-7B0A200BBB8A}.Debug|x64.ActiveCfg = Debug|x64
		{50313555-8C73-42C1-BC6E-7B0A200BBB8A}.Debug|x64.Build.0 = Debug|x64
		{50313555-8C73-42C1-BC6E-7B0A200BBB8A}.Debug|x86.ActiveCfg = Debug|Win32
		{50313555-8C73-42C1-BC6E-7B0A200BBB8A}.Debug|x86.Build.0 = Debug|Win32
		{50313555-8C73-42C1-BC6E-7B0A200BBB8A}.Release|x64.ActiveCfg = Release|x64
		{50313555-8C73-42C1-BC6E-7B0A200BBB8A}.Release|x64.Build.0 = Release|x64
		{50313555-8C73-42C1-BC6E-7B0A200BBB8A}.Release|x86.ActiveCfg = Release|Win32
		{50313555-8C73-42C1-BC6E-7B0A200BBB8A}.Release|x86.Build.0 = Release|Win32
		{0D8E1470-98F8-4FE6-B471-BCCE4CC6D51E}.Debug|x64.ActiveCfg = Debug|x64
		{0D8E1470-98F8-4FE6-B471-BCCE4CC6D51E}.Debug|x64.Build.0 = Debug|x64
		{0D8E1470-98F8-4FE6-B471-BCCE4CC6D51E}.Debug|x86.ActiveCfg = Debug|Win32
		{0D8E1470-98F8-4FE6-B471-BCCE4CC6D51E}.Debug|x86.Build.0 = Debug|Win32
		{0D8E1470-98F8-4FE6-B471-BCCE4CC6D51E}.Release|x64.ActiveCfg = Release|x64
		{0D8E1470-98F8-4FE6-B471-BCCE4CC6D51E}.Release|x64.Build.0 = Release|x64
		{0D8E1470-98F8-4FE6-B471-BCCE4CC6D51E}.Release|x86.ActiveCfg = Release|Win32
		{0D8E1470-98F8-4FE6-B471-BCCE4CC6D51E}.Release|x86.Build.0 = Release|Win32
		{ED20E6B2-469F-4EBE-9906-4B792EEC48E6}.Debug|x64.ActiveCfg = Debug|x64
		{ED20E6B2-469F-4EBE-9906-4B792EEC48E6}.Debug|x64.Build.0 = Debug|x64
		{ED20E6B2-469F-4EBE-9906-4B792EEC48E6}.Debug|x86.ActiveCfg = Debug|Win32
		{ED20E6B2-469F-4EBE-9906-4B792EEC48E6}.Debug|x86.Build.0 = Debug|Win32
		{ED20E6B2-469F-4EBE-9906-4B792EEC48E6}.Release|x64.ActiveCfg = Release|x64
		{ED20E6B2-469F-4EBE-9906-4B792EEC48E6}.Release|x64.Build.0 = Release|x64
		{ED20E6B2-469F-4EBE-9906-4B792EEC48E6}.Release|x86.ActiveCfg = Release|Win32
		{ED20E6B2-469F-4EBE-9906-4B792EEC48E6}.Release|x86.Build.0 = Release|Win32
		{266F8ADC-82E4-451E-A223-2293B8F50986}.Debug|x64.ActiveCfg = Debug|x64
		{266F8ADC-82E4-451E-A223-2293B8F50986}.Debug|x64.Build.0 = Debug|x64
		{266F8ADC-82E4-451E-A223-2293B8F50986}.Debug|x86.ActiveCfg = Debug|Win32
		{266F8ADC-82E4-451E-A223-2293B8F50986}.Debug|x86.Build.0 = Debug|Win32
		{266F8ADC-82E4-451E-A223-2293B8F50986}.Release|x64.ActiveCfg = Release|x64
		{266F8ADC-82E4-451E-A223-2293B8F50986}.Release|x64.Build.0 = Release|x64
		{266F8ADC-82E4-451E-A223-2293B8F50986}.Release|x86.ActiveCfg = Release|Win32
		{266F8ADC-82E4-451E-A223-2293B8F50986}.Release|x86.Build.0 = Release|Win32
		{E6EFA480-E383-4ED5-B0E8-34FF661A2C01}.Debug|x64.ActiveCfg = Debug|x64
		{E6EFA480-E383-4ED5-B0E8-34FF661A2C01}.Debug|x64.Build.0 = Debug|x64
		{E6EFA480-E383-4ED5-B0E8-34FF661A2C01}.Debug|x86.ActiveCfg = Debug|Win32
		{E6EFA480-E383-4ED5-B0E8-34FF661A2C01}.Debug|x86.Build.0 = Debug|Win32
		{E6EFA480-E383-4ED5-B0E8-34FF661A2C01}.Release|x64.ActiveCfg = Release|x64
		{E6EFA480-E383-4ED5-B0E8-34FF661A2C01}.Release|x64.Build.0 = Release|x64
		{E6EFA480-E383-4ED5-B0E8-34FF661A2C01}.Release|x86.ActiveCfg = Release|Win32
		{E6EFA480-E383-4ED5-B0E8-34FF661A2C01}.Release|x86.Build.0 = Release|Win32
		{EBA4354A-59E8-43A2-94D3-9FEF6BA190F8}.Debug|x64.ActiveCfg = Debug|x64
		{EBA4354A-59E8-43A2-94D3-9FEF6BA190F8}.Debug|x64.Build.0 = Debug|x64
		{EBA4354A-59E8-43A2-94D3-9FEF6BA190F8}.Debug|x86.ActiveCfg = Debug|Win32
		{EBA4354A-59E8-43A2-94D3-9FEF6BA190F8}.Debug|x86.Build.0 = Debug|Win32
		{EBA4354A-59E8-43A2-94D3-9FEF6BA190F8}.Release|x64.ActiveCfg = Release|x64
		{EBA4354A-59E8-43A2-94D3-9FEF6BA190F8}.Release|x64.Build.0 = Release|x64
		{EBA4354A-59E8-43A2-94D3-9FEF6BA190F8}.Release|x86.ActiveCfg = Release|Win32
		{EBA4354A-59E8-43A2-94D3-9FEF6BA190F8}.Release|x86.Build.0 = Release|Win32
		{7E814154-B3D4-4154-9E03-8818CB95723F}.Debug|x64.ActiveCfg = Debug|x64
		{7E814154-B3D4-4154-9E03-8818CB95723F}.Debug|x64.Build.0 = Debug|x64
		{7E814154-B3D4-4154-9E03-8818CB95723F}.Debug|x86.ActiveCfg = Debug|Win32
		{7E814154-B3D4-4154-9E03-8818CB95723F}.Debug|x86.Build.0 = Debug|Win32
		{7E814154-B3D4-4154-9E03-8818CB95723F}.Release|x64.ActiveCfg = Release|x64
		{7E814154-B3D4-4154-9E03-8818CB95723F}.Release|x64.Build.0 = Release|x64
		{7E814154-B3D4-4154-9E03-8818CB95723F}.Release|x86.ActiveCfg = Release|Win32
		{7E814154-B3D4-4154-9E03-8818CB95723F}.Release|x86.Build.0 = Release|Win32
		{3CC1E62E-BB0B-4437-9B05-34C64BE65616}.Debug|x64.ActiveCfg = Debug|x64
		{3CC1E62E-BB0B-4437-9B05-34C64BE65616}.Debug|x64.Build.0 = Debug|x64
		{3CC1E62E-BB0B-4437-9B05-34C64BE65616}.Debug|x86.ActiveCfg = Debug|Win32
		{3CC1E62E-BB0B-4437-9B05-34C64BE65616}.Debug|x86.Build.0 = Debug|Win32
		{3CC1E62E-BB0B-4437-9B05-34C64BE65616}.Release|x64.ActiveCfg = Release|x64
		{3CC1E62E-BB0B-4437-9B05-34C64BE65616}.Release|x64.Build.0 = Release|x64
		{3CC1E62E-BB0B-4437-9B05-34C64BE65616}.Release|x86.ActiveCfg = Release|Win32
		{3CC1E62E-BB0B-4437-9B05-34C64BE65616}.Release|x86.Build.0 = Release|Win32
		{7F784A13-0306-4FCD-A80D-8892DB6D2D30}.Debug|x64.ActiveCfg = Debug|x64
		{7F784A13-0306-4FCD-A80D-8892DB6D2D30}.Debug|x64.Build.0 = Debug|x64
		{7F784A13-0306-4FCD-A80D-8892DB6D2D30}.Debug|x86.ActiveCfg = Debug|Win32
		{7F784A13-0306-4FCD-A80D-8892DB6D2D30}.Debug|x86.Build.0 = Debug|Win32
		{7F784A13-0306-4FCD-A80D-8892DB6D2D30}.Release|x64.ActiveCfg = Release|x64
		{7F784A13-0306-4FCD-A80D-8892DB6D2D30}.Release|x64.Build.0 = Release|x64
		{7F784A13-0306-4FCD-A80D-8892DB6D2D30}.Release|x86.ActiveCfg = Release|Win32
		{7F784A13-0306-4FCD-A80D-8892DB6D2D30}.Release|x86.Build.0 = Release|Win32
		{DF6FCE46-13DF-4843-AE9B-CB59C6E353CA}.Debug|x64.ActiveCfg = Debug|x64
		{DF6FCE46-13DF-4843-AE9B-CB59C6E353CA}.Debug|x64.Build.0 = Debug|x64
		{DF6FCE46-13DF-4843-AE9B-CB59C6E353CA}.Debug|x86.ActiveCfg = Debug|Win32
		{DF6FCE46-13DF-4843-AE9B-CB59C6E353CA}.Debug|x86.Build.0 = Debug|Win32
		{DF6FCE46-13DF-4843-AE9B-CB59C6E353CA}.Release|x64.ActiveCfg = Release|x64
		{DF6FCE46-13DF-4843-AE9B-CB59C6E353CA}.Release|x64.Build.0 = Release|x64
		{DF6FCE46-13DF-4843-AE9B-CB59C6E353CA}.Release|x86.ActiveCfg = Release|Win32
		{DF6FCE46-13DF-4843-AE9B-CB59C6E353CA}.Release|x86.Build.0 = Release|Win32
		{9DACF815-44E7-4548-9520-A35BF6641E53}.Debug|x64.ActiveCfg = Debug|x64
		{9DACF815-44E7-4548-9520-A35BF6641E53}.Debug|x64.Build.0 = Debug|x64
		{9DACF815-44E7-4548-9520-A35BF6641E53}.Debug|x86.ActiveCfg = Debug|Win32
		{9DACF815-44E7-4548-9520-A35BF6641E53}.Debug|x86.Build.0 = Debug|Win32
		{9DACF815-44E7-4548-9520-A35BF6641E53}.Release|x64.ActiveCfg = Release|x64
		{9DACF815-44E7-4548-9520-A35BF6641E53}.Release|x64.Build.0 = Release|x64
		{9DACF815-44E7-4548-9520-A35BF6641E53}.Release|x86.ActiveCfg = Release|Win32
		{9DACF815-44E7-4548-9520-A35BF6641E53}.Release|x86.Build.0 = Release|Win32
		{1F5C67AD-8E8E-4ACB-B252-D5DBD53F51BB}.Debug|x64.ActiveCfg = Debug|x64
		{1F5C67AD-8E8E-4ACB-B252-D5DBD53F51BB}.Debug|x64.Build.0 = Debug|x64
		{1F5C67AD-8E8E-4ACB-B252-D5DBD53F51BB}.Debug|x86.ActiveCfg = Debug|Win32
		{1F5C67AD-8E8E-4ACB-B252-D5DBD53F51BB}.Debug|x86.Build.0 = Debug|Win32
		{1F5C67AD-8E8E-4ACB-B252-D5DBD53F51BB}.Release|x64.ActiveCfg = Release|x64
		{1F5C67AD-8E8E-4ACB-B252-D5DBD53F51BB}.Release|x64.Build.0 = Release|x64
		{1F5C67AD-8E8E-4ACB-B252-D5DBD53F51BB}.Release|x86.ActiveCfg = Release|Win32
		{1F5C67AD-8E8E-4ACB-B252-D5DBD53F51BB}.Release|x86.Build.0 = Release|Win32
		{3614FBE0-C85B-4BB8-9BCF-FDFEECAD0A5F}.Debug|x64.ActiveCfg = Debug|x64
		{3614FBE0-C85B-4BB8-9BCF-FDFEECAD0A5F}.Debug|x64.Build.0 = Debug|x64
		{3614FBE0-C85B-4BB8-9BCF-FDFEECAD0A5F}.Debug|x86.ActiveCfg = Debug|Win32
		{3614FBE0-C85B-4BB8-9BCF-FDFEECAD0A5F}.Debug|x86.Build.0 = Debug|Win32
		{3614FBE0-C85B-4BB8-9BCF-FDFEECAD0A5F}.Release|x64.ActiveCfg = Release|x64
		{3614FBE0-C85B-4BB8-9BCF-FDFEECAD0A5F}.Release|x64.Build.0 = Release|x64
		{3614FBE0-C85B-4BB8-9BCF-FDFEECAD0A5F}.Release|x86.ActiveCfg = Release|Win32
		{3614FBE0-C85B-4BB8-9BCF-FDFEECAD0A5F}.Release|x86.Build.0 = Release|Win32
		{DB9250C8-937D-4C8C-B3A9-507B39B8ED0F}.Debug|x64.ActiveCfg = Debug|x64
		{DB9250C8-937D-4C8C-B3A9-507B39B8ED0F}.Debug|x64.Build.0 = Debug|x64
		{DB9250C8-937D-4C8C-B3A9-507B39B8ED0F}.Debug|x86.ActiveCfg = Debug|Win32
		{DB9250C8-937D-4C8C-B3A9-507B39B8ED0F}.Debug|x86.Build.0 = Debug|Win32
		{DB9250C8-937D-4C8C-B3A9-507B39B8ED0F}.Release|x64.ActiveCfg = Release|x64
		{DB9250C8-937D-4C8C-B3A9-507B39B8ED0F}.Release|x64.Build.0 = Release|x64
		{DB9250C8-937D-4C8C-B3A9-507B39B8ED0F}.Release|x86.ActiveCfg = Release|Win32
		{DB9250C8-937D-4C8C-B3A9-507B39B8ED0F}.Release|x86.Build.0 = Release|Win32
		{FF618DE2-A593-453F-A1DA-067CE1B540BD}.Debug|x64.ActiveCfg = Debug|x64
		{FF618DE2-A593-453F-A1DA-067CE1B540BD}.Debug|x64.Build.0 = Debug|x64
		{FF618DE2-A593-453F-A1DA-067CE1B540BD}.Debug|x86.ActiveCfg = Debug|Win32
		{FF618DE2-A593-453F-A1DA-067CE1B540BD}.Debug|x86.Build.0 = Debug|Win32
		{FF618DE2-A593-453F-A1DA-067CE1B540BD}.Release|x64.ActiveCfg = Release|x64
		{FF618DE2-A593-453F-A1DA-067CE1B540BD}.Release|x64.Build.0 = Release|x64
		{FF618DE2-A593-453F-A1DA-067CE1B540BD}.Release|x86.ActiveCfg = Release|Win32
		{FF618DE2-A593-453F-A1DA-067CE1B540BD}.Release|x86.Build.0 = Release|Win32
		{09B88073-2292-4BFE-BCE0-67B9895A9D57}.Debug|x64.ActiveCfg = Debug|x64
		{09B88073-2292-4BFE-BCE0-67B9895A9D57}.Debug|x64.Build.0 = Debug|x64
		{09B88073-2292-4BFE-BCE0-67B9895A9D57}.Debug|x86.ActiveCfg = Debug|Win32
		{09B88073-2292-4BFE-BCE0-67B9895A9D57}.Debug|x86.Build.0 = Debug|Win32
		{09B88073-2292-4BFE-BCE0-67B9895A9D57}.Release|x64.ActiveCfg = Release|x64
		{09B88073-2292-4BFE-BCE0-67B9895A9D57}.Release|x64.Build.0 = Release|x64
		{09B88073-2292-4BFE-BCE0-67B9895A9D57}.Release|x86.ActiveCfg = Release|Win32
		{09B88073-2292-4BFE-BCE0-67B9895A9D57}.Release|x86.Build.0 = Release|Win32
		{675DF9AE-AAC1-4D1D-98ED-0E226D7F7488}.Debug|x64.ActiveCfg = Debug|x64
		{675DF9AE-AAC1-4D1D-98ED-0E226D7F7488}.Debug|x64.Build.0 = Debug|x64
		{675DF9AE-AAC1-4D1D-98ED-0E226D7F7488}.Debug|x86.ActiveCfg = Debug|Win32
		{675DF9AE-AAC1-4D1D-98ED-0E226D7F7488}.Debug|x86.Build.0 = Debug|Win32
		{675DF9AE-AAC1-4D1D-98ED-0E226D7F7488}.Release|x64.ActiveCfg = Release|x64
		{675DF9AE-AAC1-4D1D-98ED-0E226D7F7488}.Release|x64.Build.0 = Release|x64
		{675DF9AE-AAC1-4D1D-98ED-0E226D7F7488}.Release|x86.ActiveCfg = Release|Win32
		{675DF9AE-AAC1-4D1D-98ED-0E226D7F7488}.Release|x86.Build.0 = Release|Win32
		{B5A45C06-E14D-4D80-8FE5-80423D2194D4}.Debug|x64.ActiveCfg = Debug|x64
		{B5A45C06-E14D-4D80-8FE5-80423D2194D4}.Debug|x64.Build.0 = Debug|x64
		{B5A45C06-E14D-4D80-8FE5-80423D2194D4}.Debug|x86.ActiveCfg = Debug|Win32
		{B5A45C06-E14D-4D80-8FE5-80423D2194D4}.Debug|x86.Build.0 = Debug|Win32
		{B5A45C06-E14D-4D80-8FE5-80423D2194D4}.Release|x64.ActiveCfg = Release|x64
		{B5A45C06-E14D-4D80-8FE5-80423D2194D4}.Release|x64.Build.0 = Release|x64
		{B5A45C06-E14D-4D80-8FE5-80423D2194D4}.Release|x86.ActiveCfg = Release|Win32
		{B5A45C06-E14D-4D80-8FE5-80423D2194D4}.Release|x86.Build.0 = Release|Win32
		{5C1AC2ED-FEEC-41FE-9418-289A16CFC597}.Debug|x64.ActiveCfg = Debug|x64
		{5C1AC2ED-FEEC-41FE-9418-289A16CFC597}.Debug|x64.Build.0 = Debug|x64
		{5C1AC2ED-FEEC-41FE-9418-289A16CFC597}.Debug|x86.ActiveCfg = Debug|Win32
		{5C1AC2ED-FEEC-41FE-9418-289A16CFC597}.Debug|x86.Build.0 = Debug|Win32
		{5C1AC2ED-FEEC-41FE-9418-289A16CFC597}.Release|x64.ActiveCfg = Release|x64
		{5C1AC2ED-FEEC-41FE-9418-289A16CFC597}.Release|x64.Build.0 = Release|x64
		{5C1AC2ED-FEEC-41FE-9418-289A16CFC597}.Release|x86.ActiveCfg = Release|Win32
		{5C1AC2ED-FEEC-41FE-9418-289A16CFC597}.Release|x86.Build.0 = Release|Win32
		{9E50F41C-CD74-43A3-B3A2-E112A4D99AD1}.Debug|x64.ActiveCfg = Debug|x64
		{9E50F41C-CD74-43A3-B3A2-E112A4D99AD1}.Debug|x64.Build.0 = Debug|x64
		{9E50F41C-CD74-43A3-B3A2-E112A4D99AD1}.Debug|x86.ActiveCfg = Debug|Win32
		{9E50F41C-CD74-43A3-B3A2-E112A4D99AD1}.Debug|x86.Build.0 = Debug|Win32
		{9E50F41C-CD74-43A3-B3A2-E112A4D99AD1}.Release|x64.ActiveCfg = Release|x64
		{9E50F41C-CD74-43A3-B3A2-E112A4D99AD1}.Release|x64.Build.0 = Release|x64
		{9E50F41C-CD74-43A3-B3A2-E112A4D99AD1}.Release|x86.ActiveCfg = Release|Win32
		{9E50F41C-CD74-43A3-B3A2-E112A4D99AD1}.Release|x86.Build.0 = Release|Win32
		{7F1DABC4-DC93-4F05-84E1-FD42ECD49227}.Debug|x64.ActiveCfg = Debug|x64
		{7F1DABC4-DC93-4F05-84E1-FD42ECD49227}.Debug|x64.Build.0 = Debug|x64
		{7F1DABC4-DC93-4F05-84E1-FD42ECD49227}.Debug|x86.ActiveCfg = Debug|Win32
		{7F1DABC4-DC93-4F05-84E1-FD42ECD49227}.Debug|x86.Build.0 = Debug|Win32
		{7F1DABC4-DC93-4F05-84E1-FD42ECD49227}.Release|x64.ActiveCfg = Release|x64
		{7F1DABC4-DC93-4F05-84E1-FD42ECD49227}.Release|x64.Build.0 = Release|x64
		{7F1DABC4-DC93-4F05-84E1-FD42ECD49227}.Release|x86.ActiveCfg = Release|Win32
		{7F1DABC4-DC93-4F05-84E1-FD42ECD49227}.Release|x86.Build.0 = Release|Win32
		{CB507AC8-0E77-44F2-93B6-D687BB1DDAF1}.Debug|x64.ActiveCfg = Debug|x64
		{CB507AC8-0E77-44F2-93B6-D687BB1DDAF1}.Debug|x64.Build.0 = Debug|x64
		{CB507AC8-0E77-44F2-93B6-D687BB1DDAF1}.Debug|x86.ActiveCfg = Debug|Win32
		{CB507AC8-0E77-44F2-93B6-D687BB1DDAF1}.Debug|x86.Build.0 = Debug|Win32
		{CB507AC8-0E77-44F2-93B6-D687BB1DDAF1}.Release|x64.ActiveCfg = Release|x64
		{CB507AC8-0E77-44F2-93B6-D687BB1DDAF1}.Release|x64.Build.0 = Release|x64
		{CB507AC8-0E77-44F2-93B6-D687BB1DDAF1}.Release|x86.ActiveCfg = Release|Win32
		{CB507AC8-0E77-44F2-93B6-D687BB1DDAF1}.Release|x86.Build.0 = Release|Win32
		{62C8A736-E77F-4149-BDC9-7C500B2C8D5D}.Debug|x64.ActiveCfg = Debug|x64
		{62C8A736-E77F-4149-BDC9-7C500B2C8D5D}.Debug|x64.Build.0 = Debug|x64
		{62C8A736-E77F-4149-BDC9-7C500B2C8D5D}.Debug|x86.ActiveCfg = Debug|Win32
		{62C8A736-E77F-4149-BDC9-7C500B2C8D5D}.Debug|x86.Build.0 = Debug|Win32
		{62C8A736-E77F-4149-BDC9-7C500B2C8D5D}.Release|x64.ActiveCfg = Release|x64
		{62C8A736-E77F-4149-BDC9-7C500B2C8D5D}.Release|x64.Build.0 = Release|x64
		{62C8A736-E77F-4149-BDC9-7C500B2C8D5D}.Release|x86.ActiveCfg = Release|Win32
		{62C8A736-E77F-4149-BDC9-7C500B2C8D5D}.Release|x86.Build.0 = Release|Win32
		{D586AE87-4326-4FDB-A327-64E725059C95}.Debug|x64.ActiveCfg = Debug|x64
		{D586AE87-4326-4FDB-A327-64E725059C95}.Debug|x64.Build.0 = Debug|x64
		{D586AE87-4326-4FDB-A327-64E725059C95}.Debug|x86.ActiveCfg = Debug|Win32
		{D586AE87-4326-4FDB-A327-64E725059C95}.Debug|x86.Build.0 = Debug|Win32
		{D586AE87-4326-4FDB-A327-64E725059C95}.Release|x64.ActiveCfg = Release|x64
		{D586AE87-4326-4FDB-A327-64E725059C95}.Release|x64.Build.0 = Release|x64
		{D586AE87-4326-4FDB-A327-64E725059C95}.Release|x86.ActiveCfg = Release|Win32
		{D586AE87-4326-4FDB-A327-64E725059C95}.Release|x86.Build.0 = Release|Win32
		{AAEB5634-0966-4F0A-8C45-B549532FA6BC}.Debug|x64.ActiveCfg = Debug|x64
		{AAEB5634-0966-4F0A-8C45-B549532FA6BC}.Debug|x64.Build.0 = Debug|x64
		{AAEB5634-0966-4F0A-8C45-B549532FA6BC}.Debug|x86.ActiveCfg = Debug|Win32
		{AAEB5634-0966-4F0A-8C45-B549532FA6BC}.Debug|x86.Build.0 = Debug|Win32
		{AAEB5634-0966-4F0A-8C45-B549532FA6BC}.Release|x64.ActiveCfg = Release|x64
		{AAEB5634-0966-4F0A-8C45-B549532FA6BC}.Release|x64.Build.0 = Release|x64
		{AAEB5634-0966-4F0A-8C45-B549532FA6BC}.Release|x86.ActiveCfg = Release|Win32
		{AAEB5634-0966-4F0A-8C45-B549532FA6BC}.Release|x86.Build.0 = Release|Win32
		{C2F4A597-A4E6-4DD6-87D7-0EC09455AEFC}.Debug|x64.ActiveCfg = Debug|x64
		{C2F4A597-A4E6-4DD6-87D7-0EC09455AEFC}.Debug|x64.Build.0 = Debug|x64
		{C2F4A597-A4E6-4DD6-87D7-0EC09455AEFC}.Debug|x86.ActiveCfg = Debug|Win32
		{C2F4A597-A4E6-4DD6-87D7-0EC09455AEFC}.Debug|x86.Build.0 = Debug|Win32
		{C2F4A597-A4E6-4DD6-87D7-0EC09455AEFC}.Release|x64.ActiveCfg = Release|x64
		{C2F4A597-A4E6-4DD6-87D7-0EC09455AEFC}.Release|x64.Build.0 = Release|x64
		{C2F4A597-A4E6-4DD6-87D7-0EC09455AEFC}.Release|x86.ActiveCfg = Release|Win32
		{C2F4A597-A4E6-4DD6-87D7-0EC09455AEFC}.Release|x86.Build.0 = Release|Win32
		{376BBFAE-EE2C-470A-9555-CF10737FE517}.Debug|x64.ActiveCfg = Debug|x64
		{376BBFAE-EE2C-470A-9555-CF10737FE517}.Debug|x64.Build.0 = Debug|x64
		{376BBFAE-EE2C-470A-9555-CF10737FE517}.Debug|x86.ActiveCfg = Debug|Win32
		{376BBFAE-EE2C-470A-9555-CF10737FE517}.Debug|x86.Build.0 = Debug|Win32
		{376BBFAE-EE2C-470A-9555-CF10737FE517}.Release|x64.ActiveCfg = Release|x64
		{376BBFAE-EE2C-470A-9555-CF10737FE517}.Release|x64.Build.0 = Release|x64
		{376BBFAE-EE2C-470A-9555-CF10737FE517}.Release|x86.ActiveCfg = Release|Win32
		{376BBFAE-EE2C-470A-9555-CF10737FE517}.Release|x86.Build.0 = Release|Win32
		{44EB6157-BDE5-4778-9991-02AAFCAB0C47}.Debug|x64.ActiveCfg = Debug|x64
		{44EB6157-BDE5-4778-9991-02AAFCAB0C47}.Debug|x64.Build.0 = Debug|x64
		{44EB6157-BDE5-4778-9991-02AAFCAB0C47}.Debug|x86.ActiveCfg = Debug|Win32
		{44EB6157-BDE5-4778-9991-02AAFCAB0C47}.Debug|x86.Build.0 = Debug|Win32
		{44EB6157-BDE5-4778-9991-02AAFCAB0C47}.Release|x64.ActiveCfg = Release|x64
		{44EB6157-BDE5-4778-9991-02AAFCAB0C47}.Release|x64.Build.0 = Release|x64
		{44EB6157-BDE5-4778-9991-02AAFCAB0C47}.Release|x86.ActiveCfg = Release|Win32
		{44EB6157-BDE5-4778-9991-02AAFCAB0C47}.Release|x86.Build.0 = Release|Win32
		{C178E839-A53D-48F1-92AA-6710D9F618C8}.Debug|x64.ActiveCfg = Debug|x64
		{C178E839-A53D-48F1-92AA-6710D9F618C8}.Debug|x64.Build.0 = Debug|x64
		{C178E839-A53D-48F1-92AA-6710D9F618C8}.Debug|x86.ActiveCfg = Debug|Win32
		{C178E839-A53D-48F1-92AA-6710D9F618C8}.Debug|x86.Build.0 = Debug|Win32
		{C178E839-A53D-48F1-92AA-6710D9F618C8}.Release|x64.ActiveCfg = Release|x64
		{C178E839-A53D-48F1-92AA-6710D9F618C8}.Release|x64.Build.0 = Release|x64
		{C178E839-A53D-48F1-92AA-6710D9F618C8}.Release|x86.ActiveCfg = Release|Win32
		{C178E839-A53D-48F1-92AA-6710D9F618C8}.Release|x86.Build.0 = Release|Win32
		{3C88B3EB-664C-4E74-A8DF-833ABFB75DC6}.Debug|x64.ActiveCfg = Debug|x64
		{3C88B3EB-664C-4E74-A8DF-833ABFB75DC6}.Debug|x64.Build.0 = Debug|x64
		{3C88B3EB-664C-4E74-A8DF-833ABFB75DC6}.Debug|x86.ActiveCfg = Debug|Win32
		{3C88B3EB-664C-4E74-A8DF-833ABFB75DC6}.Debug|x86.Build.0 = Debug|Win32
		{3C88B3EB-664C-4E74-A8DF-833ABFB75DC6}.Release|x64.ActiveCfg = Release|x64
		{3C88B3EB-664C-4E74-A8DF-833ABFB75DC6}.Release|x64.Build.0 = Release|x64
		{3C88B3EB-664C-4E74-A8DF-833ABFB75DC6}.Release|x86.ActiveCfg = Release|Win32
		{3C88B3EB-664C-4E74-A8DF-833ABFB75DC6}.Release|x86.Build.0 = Release|Win32
		{08CDD516-3522-4123-90B5-9F8D5CBFB5F4}.Debug|x64.ActiveCfg = Debug|x64
		{08CDD516-3522-4123-90B5-9F8D5CBFB5F4}.Debug|x64.Build.0 = Debug|x64
		{08CDD516-3522-4123-90B5-9F8D5CBFB5F4}.Debug|x86.ActiveCfg = Debug|Win32
		{08CDD516-3522-4123-90B5-9F8D5CBFB5F4}.Debug|x86.Build.0 = Debug|Win32
		{08CDD516-3522-4123-90B5-9F8D5CBFB5F4}.Release|x64.ActiveCfg = Release|x64
		{08CDD516-3522-4123-90B5-9F8D5CBFB5F4}.Release|x64.Build.0 = Release|x64
		{08CDD516-3522-4123-90B5-9F8D5CBFB5F4}.Release|x86.ActiveCfg = Release|Win32
		{08CDD516-3522-4123-90B5-9F8D5CBFB5F4}.Release|x86.Build.0 = Release|Win32
		{EEBCBEE3-E348-46FD-B901-69559EEF1479}.Debug|x64.ActiveCfg = Debug|x64
		{EEBCBEE3-E348-46FD-B901-69559EEF1479}.Debug|x64.Build.0 = Debug|x64
		{EEBCBEE3-E348-46FD-B901-69559EEF1479}.Debug|x86.ActiveCfg = Debug|Win32
		{EEBCBEE3-E348-46FD-B901-69559EEF1479}.Debug|x86.Build.0 = Debug|Win32
		{EEBCBEE3-E348-46FD-B901-69559EEF1479}.Release|x64.ActiveCfg = Release|x64
		{EEBCBEE3-E348-46FD-B901-69559EEF1479}.Release|x64.Build.0 = Release|x64
		{EEBCBEE3-E348-46FD-B901-69559EEF1479}.Release|x86.ActiveCfg = Release|Win32
		{EEBCBEE3-E348-46FD-B901-69559EEF1479}.Release|x86.Build.0 = Release|Win32
		{7A861673-42CB-42AB-A72D-20123B77C51D}.Debug|x64.ActiveCfg = Debug|x64
		{7A861673-42CB-42AB-A72D-20123B77C51D}.Debug|x64.Build.0 = Debug|x64
		{7A861673-42CB-42AB-A72D-20123B77C51D}.Debug|x86.ActiveCfg = Debug|Win32
		{7A861673-42CB-42AB-A72D-20123B77C51D}.Debug|x86.Build.0 = Debug|Win32
		{7A861673-42CB-42AB-A72D-20123B77C51D}.Release|x64.ActiveCfg = Release|x64
		{7A861673-42CB-42AB-A72D-20123B77C51D}.Release|x64.Build.0 = Release|x64
		{7A861673-42CB-42AB-A72D-20123B77C51D}.Release|x86.ActiveCfg = Release|Win32
		{7A861673-42CB-42AB-A72D-20123B77C51D}.Release|x86.Build.0 = Release|Win32
		{05022FAE-FED7-49A2-920E-207D9AAF0454}.Debug|x64.ActiveCfg = Debug|x64
		{05022FAE-FED7-49A2-920E-207D9AAF0454}.Debug|x64.Build.0 = Debug|x64
		{05022FAE-FED7-49A2-920E-207D9AAF0454}.Debug|x86.ActiveCfg = Debug|Win32
		{05022FAE-FED7-49A2-920E-207D9AAF0454}.Debug|x86.Build.0 = Debug|Win32
		{05022FAE-FED7-49A2-920E-207D9AAF0454}.Release|x64.ActiveCfg = Release|x64
		{05022FAE-FED7-49A2-920E-207D9AAF0454}.Release|x64.Build.0 = Release|x64
		{05022FAE-FED7-49A2-920E-207D9AAF0454}.Release|x86.ActiveCfg = Release|Win32
		{05022FAE-FED7-49A2-920E-207D9AAF0454}.Release|x86.Build.0 = Release|Win32
		{12AAB23D-6458-4761-B399-3065800321FA}.Debug|x64.ActiveCfg = Debug|x64
		{12AAB23D-6458-4761-B399-3065800321FA}.Debug|x64.Build.0 = Debug|x64
		{12AAB23D-6458-4761-B399-3065800321FA}.Debug|x86.ActiveCfg = Debug|Win32
		{12AAB23D-6458-4761-B399-3065800321FA}.Debug|x86.Build.0 = Debug|Win32
		{12AAB23D-6458-4761-B399-3065800321FA}.Release|x64.ActiveCfg = Release|x64
		{12AAB23D-6458-4761-B399-3065800321FA}.Release|x64.Build.0 = Release|x64
		{12AAB23D-6458-4761-B399-3065800321FA}.Release|x86.ActiveCfg = Release|Win32
		{12AAB23D-6458-4761-B399-3065800321FA}.Release|x86.Build.0 = Release|Win32
		{73077396-A0CF-427E-86AF-E85B7F884B14}.Debug|x64.ActiveCfg = Debug|x64
		{73077396-A0CF-427E-86AF-E85B7F884B14}.Debug|x64.Build.0 = Debug|x64
		{73077396-A0CF-427E-86AF-E85B7F884B14}.Debug|x86.ActiveCfg = Debug|Win32
		{73077396-A0CF-427E-86AF-E85B7F884B14}.Debug|x86.Build.0 = Debug|Win32
		{73077396-A0CF-427E-86AF-E85B7F884B14}.Release|x64.ActiveCfg = Release|x64
		{73077396-A0CF-427E-86AF-E85B7F884B14}.Release|x64.Build.0 = Release|x64
		{73077396-A0CF-427E-86AF-E85B7F884B14}.Release|x86.ActiveCfg = Release|Win32
		{73077396-A0CF-427E-86AF-E85B7F884B14}.Release|x86.Build.0 = Release|Win32
		{3693214D-6758-4FB2-ADFE-BC54ACF39E67}.Debug|x64.ActiveCfg = Debug|x64
		{3693214D-6758-4FB2-ADFE-BC54ACF39E67}.Debug|x64.Build.0 = Debug|x64
		{3693214D-6758-4FB2-ADFE-BC54ACF39E67}.Debug|x86.ActiveCfg = Debug|Win32
		{3693214D-6758-4FB2-ADFE-BC54ACF39E67}.Debug|x86.Build.0 = Debug|Win32
		{3693214D-6758-4FB2-ADFE-BC54ACF39E67}.Release|x64.ActiveCfg = Release|x64
		{3693214D-6758-4FB2-ADFE-BC54ACF39E67}.Release|x64.Build.0 = Release|x64
		{3693214D-6758-4FB2-ADFE-BC54ACF39E67}.Release|x86.ActiveCfg = Release|Win32
		{3693214D-6758-4FB2-ADFE-BC54ACF39E67}.Release|x86.Build.0 = Release|Win32
		{604494EC-CE63-4F3E-8E34-6EBCA3942102}.Debug|x64.ActiveCfg = Debug|x64
		{604494EC-CE63-4F3E-8E34-6EBCA3942102}.Debug|x64.Build.0 = Debug|x64
		{604494EC-CE63-4F3E-8E34-6EBCA3942102}.Debug|x86.ActiveCfg = Debug|Win32
		{604494EC-CE63-4F3E-8E34-6EBCA3942102}.Debug|x86.Build.0 = Debug|Win32
		{604494EC-CE63-4F3E-8E34-6EBCA3942102}.Release|x64.ActiveCfg = Release|x64
		{604494EC-CE63-4F3E-8E34-6EBCA3942102}.Release|x64.Build.0 = Release|x64
		{604494EC-CE63-4F3E-8E34-6EBCA3942102}.Release|x86.ActiveCfg = Release|Win32
		{604494EC-CE63-4F3E-8E34-6EBCA3942102}.Release|x86.Build.0 = Release|Win32
		{7C97A67B-20AE-43FE-93EB-EECA45D0272F}.Debug|x64.ActiveCfg = Debug|x64
		{7C97A67B-20AE-43FE-93EB-EECA45D0272F}.Debug|x64.Build.0 = Debug|x64
		{7C97A67B-20AE-43FE-93EB-EECA45D0272F}.Debug|x86.ActiveCfg = Debug|Win32
		{7C97A67B-20AE-43FE-93EB-EECA45D0272F}.Debug|x86.Build.0 = Debug|Win32
		{7C97A67B-20AE-43FE-93EB-EECA45D0272F}.Release|x64.ActiveCfg = Release|x64
		{7C97A67B-20AE-43FE-93EB-EECA45D0272F}.Release|x64.Build.0 = Release|x64
		{7C97A67B-20AE-43FE-93EB-EECA45D0272F}.Release|x86.ActiveCfg = Release|Win32
		{7C97A67B-20AE-43FE-93EB-EECA45D0272F}.Release|x86.Build.0 = Release|Win32
		{42058219-50A4-4D49-9544-454D5FECD4B6}.Debug|x64.ActiveCfg = Debug|x64
		{42058219-50A4-4D49-9544-454D5FECD4B6}.Debug|x64.Build.0 = Debug|x64
		{42058219-50A4-4D49-9544-454D5FECD4B6}.Debug|x86.ActiveCfg = Debug|Win32
		{42058219-50A4-4D49-9544-454D5FECD4B6}.Debug|x86.Build.0 = Debug|Win32
		{42058219-50A4-4D49-9544-454D5FECD4B6}.Release|x64.ActiveCfg = Release|x64
		{42058219-50A4-4D49-9544-454D5FECD4B6}.Release|x64.Build.0 = Release|x64
		{42058219-50A4-4D49-9544-454D5FECD4B6}.Release|x86.ActiveCfg = Release|Win32
		{42058219-50A4-4D49-9544-454D5FECD4B6}.Release|x86.Build.0 = Release|Win32
		{197258F8-17EE-4AA6-9B23-66D5980E7D77}.Debug|x64.ActiveCfg = Debug|x64
		{197258F8-17EE-4AA6-9B23-66D5980E7D77}.Debug|x64.Build.0 = Debug|x64
		{197258F8-17EE-4AA6-9B23-66D5980E7D77}.Debug|x86.ActiveCfg = Debug|Win32
		{197258F8-17EE-4AA6-9B23-66D5980E7D77}.Debug|x86.Build.0 = Debug|Win32
		{197258F8-17EE-4AA6-9B23-66D5980E7D77}.Release|x64.ActiveCfg = Release|x64
		{197258F8-17EE-4AA6-9B23-66D5980E7D77}.Release|x64.Build.0 = Release|x64
		{197258F8-17EE-4AA6-9B23-66D5980E7D77}.Release|x86.ActiveCfg = Release|Win32
		{197258F8-17EE-4AA6-9B23-66D5980E7D77}.Release|x86.Build.0 = Release|Win32
		{E69CC0B5-8074-4B2F-874C-35749BD3C04A}.Debug|x64.ActiveCfg = Debug|x64
		{E69CC0B5-8074-4B2F-874C-35749BD3C04A}.Debug|x64.Build.0 = Debug|x64
		{E69CC0B5-8074-4B2F-874C-35749BD3C04A}.Debug|x86.ActiveCfg = Debug|Win32
		{E69CC0B5-8074-4B2F-874C-35749BD3C04A}.Debug|x86.Build.0 = Debug|Win32
		{E69CC0B5-8074-4B2F-874C-35749BD3C04A}.Release|x64.ActiveCfg = Release|x64
		{E69CC0B5-8074-4B2F-874C-35749BD3C04A}.Release|x64.Build.0 = Release|x64
		{E69CC0B5-8074-4B2F-874C-35749BD3C04A}.Release|x86.ActiveCfg = Release|Win32
		{E69CC0B5-8074-4B2F-874C-35749BD3C04A}.Release|x86.Build.0 = Release|Win32
		{192650E1-B241-4713-AC62-DF7CC994E888}.Debug|x64.ActiveCfg = Debug|x64
		{192650E1-B241-4713-AC62-DF7CC994E888}.Debug|x64.Build.0 = Debug|x64
		{192650E1-B241-4713-AC62-DF7CC994E888}.Debug|x86.ActiveCfg = Debug|Win32
		{192650E1-B241-4713-AC62-DF7CC994E888}.Debug|x86.Build.0 = Debug|Win32
		{192650E1-B241-4713-AC62-DF7CC994E888}.Release|x64.ActiveCfg = Release|x64
		{192650E1-B241-4713-AC62-DF7CC994E888}.Release|x64.Build.0 = Release|x64
		{192650E1-B241-4713-AC62-DF7CC994E888}.Release|x86.ActiveCfg = Release|Win32
		{192650E1-B241-4713-AC62-DF7CC994E888}.Release|x86.Build.0 = Release|Win32
		{4BDEC105-2608-4E1B-92C9-D87817054763}.Debug|x64.ActiveCfg = Debug|x64
		{4BDEC105-2608-4E1B-92C9-D87817054763}.Debug|x64.Build.0 = Debug|x64
		{4BDEC105-2608-4E1B-92C9-D87817054763}.Debug|x86.ActiveCfg = Debug|Win32
		{4BDEC105-2608-4E1B-92C9-D87817054763}.Debug|x86.Build.0 = Debug|Win32
		{4BDEC105-2608-4E1B-92C9-D87817054763}.Release|x64.ActiveCfg = Release|x64
		{4BDEC105-2608-4E1B-92C9-D87817054763}.Release|x64.Build.0 = Release|x64
		{4BDEC105-2608-4E1B-92C9-D87817054763}.Release|x86.ActiveCfg = Release|Win32
		{4BDEC105-2608-4E1B-92C9-D87817054763}.Release|x86.Build.0 = Release|Win32
		{A92E5983-7763-4933-9C39-311A47726F0F}.Debug|x64.ActiveCfg = Debug|x64
		{A92E5983-7763-4933-9C39-311A47726F0F}.Debug|x64.Build.0 = Debug|x64
		{A92E5983-7763-4933-9C39-311A47726F0F}.Debug|x86.ActiveCfg = Debug|Win32
		{A92E5983-7763-4933-9C39-311A47726F0F}.Debug|x86.Build.0 = Debug|Win32
		{A92E5983-7763-4933-9C39-311A47726F0F}.Release|x64.ActiveCfg = Release|x64
		{A92E5983-7763-4933-9C39-311A47726F0F}.Release|x64.Build.0 = Release|x64
		{A92E5983-7763-4933-9C39-311A47726F0F}.Release|x86.ActiveCfg = Release|Win32
		{A92E5983-7763-4933-9C39-311A47726F0F}.Release|x86.Build.0 = Release|Win32
		{8C462F16-80FD-4BDC-A329-1574D31FE38A}.Debug|x64.ActiveCfg = Debug|x64
		{8C462F16-80FD-4BDC-A329-1574D31FE38A}.Debug|x64.Build.0 = Debug|x64
		{8C462F16-80FD-4BDC-A329-1574D31FE38A}.Debug|x86.ActiveCfg = Debug|Win32
		{8C462F16-80FD-4BDC-A329-1574D31FE38A}.Debug|x86.Build.0 = Debug|Win32
		{8C462F16-80FD-4BDC-A329-1574D31FE38A}.Release|x64.ActiveCfg = Release|x64
		{8C462F16-80FD-4BDC-A329-1574D31FE38A}.Release|x64.Build.0 = Release|x64
		{8C462F16-80FD-4BDC-A329-1574D31FE38A}.Release|x86.ActiveCfg = Release|Win32
		{8C462F16-80FD-4BDC-A329-1574D31FE38A}.Release|x86.Build.0 = Release|Win32
		{222DB6FC-421F-4F5D-ACA5-7AFA1734C30C}.Debug|x64.ActiveCfg = Debug|x64
		{222DB6FC-421F-4F5D-ACA5-7AFA1734C30C}.Debug|x64.Build.0 = Debug|x64
		{222DB6FC-421F-4F5D-ACA5-7AFA1734C30C}.Debug|x86.ActiveCfg = Debug|Win32
		{222DB6FC-421F-4F5D-ACA5-7AFA1734C30C}.Debug|x86.Build.0 = Debug|Win32
		{222DB6FC-421F-4F5D-ACA5-7AFA1734C30C}.Release|x64.ActiveCfg = Release|x64
		{222DB6FC-421F-4F5D-ACA5-7AFA1734C30C}.Release|x64.Build.0 = Release|x64
		{222DB6FC-421F-4F5D-ACA5-7AFA1734C30C}.Release|x86.ActiveCfg = Release|Win32
		{222DB6FC-421F-4F5D-ACA5-7AFA1734C30C}.Release|x86.Build.0 = Release|Win32
		{0856F356-1005-4828-AC66-13D246C0941C}.Debug|x64.ActiveCfg = Debug|x64
		{0856F356-1005-4828-AC66-13D246C0941C}.Debug|x64.Build.0 = Debug|x64
		{0856F356-1005-4828-AC66-13D246C0941C}.Debug|x86.ActiveCfg = Debug|Win32
		{0856F356-1005-4828-AC66-13D246C0941C}.Debug|x86.Build.0 = Debug|Win32
		{0856F356-1005-4828-AC66-13D246C0941C}.Release|x64.ActiveCfg = Release|x64
		{0856F356-1005-4828-AC66-13D246C0941C}.Release|x64.Build.0 = Release|x64
		{0856F356-1005-4828-AC66-13D246C0941C}.Release|x86.ActiveCfg = Release|Win32
		{0856F356-1005-4828-AC66-13D246C0941C}.Release|x86.Build.0 = Release|Win32
		{3796F4A6-61CE-439B-AEE7-581AF44F2527}.Debug|x64.ActiveCfg = Debug|x64
		{3796F4A6-61CE-439B-AEE7-581AF44F2527}.Debug|x64.Build.0 = Debug|x64
		{3796F4A6-61CE-439B-AEE7-581AF44F2527}.Debug|x86.ActiveCfg = Debug|Win32
		{3796F4A6-61CE-439B-AEE7-581AF44F2527}.Debug|x86.Build.0 = Debug|Win32
		{3796F4A6-61CE-439B-AEE7-581AF44F2527}.Release|x64.ActiveCfg = Release|x64
		{3796F4A6-61CE-439B-AEE7-581AF44F2527}.Release|x64.Build.0 = Release|x64
		{3796F4A6-61CE-439B-AEE7-581AF44F2527}.Release|x86.ActiveCfg = Release|Win32
		{3796F4A6-61CE-439B-AEE7-581AF44F2527}.Release|x86.Build.0 = Release|Win32
		{D7CC3A55-4E39-4013-AD71-A1CB11DEEC8F}.Debug|x64.ActiveCfg = Debug|x64
		{D7CC3A55-4E39-4013-AD71-A1CB11DEEC8F}.Debug|x64.Build.0 = Debug|x64
		{D7CC3A55-4E39-4013-AD71-A1CB11DEEC8F}.Debug|x86.ActiveCfg = Debug|Win32
		{D7CC3A55-4E39-4013-AD71-A1CB11DEEC8F}.Debug|x86.Build.0 = Debug|Win32
		{D7CC3A55-4E39-4013-AD71-A1CB11DEEC8F}.Release|x64.ActiveCfg = Release|x64
		{D7CC3A55-4E39-4013-AD71-A1CB11DEEC8F}.Release|x64.Build.0 = Release|x64
		{D7CC3A55-4E39-4013-AD71-A1CB11DEEC8F}.Release|x86.ActiveCfg = Release|Win32
		{D7CC3A55-4E39-4013-AD71-A1CB11DEEC8F}.Release|x86.Build.0 = Release|Win32
		{C6776E60-0899-4B00-BBB0-A48C41E666C6}.Debug|x64.ActiveCfg = Debug|x64
		{C6776E60-0899-4B00-BBB0-A48C41E666C6}.Debug|x64.Build.0 = Debug|x64
		{C6776E60-0899-4B00-BBB0-A48C41E666C6}.Debug|x86.ActiveCfg = Debug|Win32
		{C6776E60-0899-4B00-BBB0-A48C41E666C6}.Debug|x86.Build.0 = Debug|Win32
		{C6776E60-0899-4B00-BBB0-A48C41E666C6}.Release|x64.ActiveCfg = Release|x64
		{C6776E60-0899-4B00-BBB0-A48C41E666C6}.Release|x64.Build.0 = Release|x64
		{C6776E60-0899-4B00-BBB0-A48C41E666C6}.Release|x86.ActiveCfg = Release|Win32
		{C6776E60-0899-4B00-BBB0-A48C41E666C6}.Release|x86.Build.0 = Release|Win32
		{8D862869-477D-44F4-B105-B4C8470F735C}.Debug|x64.ActiveCfg = Debug|x64
		{8D862869-477D-44F4-B105-B4C8470F735C}.Debug|x64.Build.0 = Debug|x64
		{8D862869-477D-44F4-B105-B4C8470F735C}.Debug|x86.ActiveCfg = Debug|Win32
		{8D862869-477D-44F4-B105-B4C8470F735C}.Debug|x86.Build.0 = Debug|Win32
		{8D862869-477D-44F4-B105-B4C8470F735C}.Release|x64.ActiveCfg = Release|x64
		{8D862869-477D-44F4-B105-B4C8470F735C}.Release|x64.Build.0 = Release|x64
		{8D862869-477D-44F4-B105-B4C8470F735C}.Release|x86.ActiveCfg = Release|Win32
		{8D862869-477D-44F4-B105-B4C8470F735C}.Release|x86.Build.0 = Release|Win32
		{56CE437F-E116-47AD-8039-FB2F1B1CABD4}.Debug|x64.ActiveCfg = Debug|x64
		{56CE437F-E116-47AD-8039-FB2F1B1CABD4}.Debug|x64.Build.0 = Debug|x64
		{56CE437F-E116-47AD-8039-FB2F1B1CABD4}.Debug|x86.ActiveCfg = Debug|Win32
		{56CE437F-E116-47AD-8039-FB2F1B1CABD4}.Debug|x86.Build.0 = Debug|Win32
		{56CE437F-E116-47AD-8039-FB2F1B1CABD4}.Release|x64.ActiveCfg = Release|x64
		{56CE437F-E116-47AD-8039-FB2F1B1CABD4}.Release|x64.Build.0 = Release|x64
		{56CE437F-E116-47AD-8039-FB2F1B1CABD4}.Release|x86.ActiveCfg = Release|Win32
		{56CE437F-E116-47AD-8039-FB2F1B1CABD4}.Release|x86.Build.0 = Release|Win32
		{EBFA2158-7BC7-41C6-8A08-05279542BFD9}.Debug|x64.ActiveCfg = Debug|x64
		{EBFA2158-7BC7-41C6-8A08-05279542BFD9}.Debug|x64.Build.0 = Debug|x64
		{EBFA2158-7BC7-41C6-8A08-05279542BFD9}.Debug|x86.ActiveCfg = Debug|Win32
		{EBFA2158-7BC7-41C6-8A08-05279542BFD9}.Debug|x86.Build.0 = Debug|Win32
		{EBFA2158-7BC7-41C6-8A08-05279542BFD9}.Release|x64.ActiveCfg = Release|x64
		{EBFA2158-7BC7-41C6-8A08-05279542BFD9}.Release|x64.Build.0 = Release|x64
		{EBFA2158-7BC7-41C6-8A08-05279542BFD9}.Release|x86.ActiveCfg = Release|Win32
		{EBFA2158-7BC7-41C6-8A08-05279542BFD9}.Release|x86.Build.0 = Release|Win32
		{FC315016-EC19-4CF5-9225-C3A36D9C2A69}.Debug|x64.ActiveCfg = Debug|x64
		{FC315016-EC19-4CF5-9225-C3A36D9C2A69}.Debug|x64.Build.0 = Debug|x64
		{FC315016-EC19-4CF5-9225-C3A36D9C2A69}.Debug|x86.ActiveCfg = Debug|Win32
		{FC315016-EC19-4CF5-9225-C3A36D9C2A69}.Debug|x86.Build.0 = Debug|Win32
		{FC315016-EC19-4CF5-9225-C3A36D9C2A69}.Release|x64.ActiveCfg = Release|x64
		{FC315016-EC19-4CF5-9225-C3A36D9C2A69}.Release|x64.Build.0 = Release|x64
		{FC315016-EC19-4CF5-9225-C3A36D9C2A69}.Release|x86.ActiveCfg = Release|Win32
		{FC315016-EC19-4CF5-9225-C3A36D9C2A69}.Release|x86.Build.0 = Release|Win32
		{986DB8C8-9CB5-4CAB-91ED-66B2CC37B616}.Debug|x64.ActiveCfg = Debug|x64
		{986DB8C8-9CB5-4CAB-91ED-66B2CC37B616}.Debug|x64.Build.0 = Debug|x64
		{986DB8C8-9CB5-4CAB-91ED-66B2CC37B616}.Debug|x86.ActiveCfg = Debug|Win32
		{986DB8C8-9CB5-4CAB-91ED-66B2CC37B616}.Debug|x86.Build.0 = Debug|Win32
		{986DB8C8-9CB5-4CAB-91ED-66B2CC37B616}.Release|x64.ActiveCfg = Release|x64
		{986DB8C8-9CB5-4CAB-91ED-66B2CC37B616}.Release|x64.Build.0 = Release|x64
		{986DB8C8-9CB5-4CAB-91ED-66B2CC37B616}.Release|x86.ActiveCfg = Release|Win32
		{986DB8C8-9CB5-4CAB-91ED-66B2CC37B616}.Release|x86.Build.0 = Release|Win32
		{E1DBB780-563E-42E3-9871-BC4644FBD900}.Debug|x64.ActiveCfg = Debug|x64
		{E1DBB780-563E-42E3-9871-BC4644FBD900}.Debug|x64.Build.0 = Debug|x64
		{E1DBB780-563E-42E3-9871-BC4644FBD900}.Debug|x86.ActiveCfg = Debug|Win32
		{E1DBB780-563E-42E3-9871-BC4644FBD900}.Debug|x86.Build.0 = Debug|Win32
		{E1DBB780-563E-42E3-9871-BC4644FBD900}.Release|x64.ActiveCfg = Release|x64
		{E1DBB780-563E-42E3-9871-BC4644FBD900}.Release|x64.Build.0 = Release|x64
		{E1DBB780-563E-42E3-9871-BC4644FBD900}.Release|x86.ActiveCfg = Release|Win32
		{E1DBB780-563E-42E3-9871-BC4644FBD900}.Release|x86.Build.0 = Release|Win32
		{DC1FFF0E-398D-4226-9036-C0ECE6ABF53D}.Debug|x64.ActiveCfg = Debug|x64
		{DC1FFF0E-398D-4226-9036-C0ECE6ABF53D}.Debug|x64.Build.0 = Debug|x64
		{DC1FFF0E-398D-4226-9036-C0ECE6ABF53D}.Debug|x86.ActiveCfg = Debug|Win32
		{DC1FFF0E-398D-4226-9036-C0ECE6ABF53D}.Debug|x86.Build.0 = Debug|Win32
		{DC1FFF0E-398D-4226-9036-C0ECE6ABF53D}.Release|x64.ActiveCfg = Release|x64
		{DC1FFF0E-398D-4226-9036-C0ECE6ABF53D}.Release|x64.Build.0 = Release|x64
		{DC1FFF0E-398D-4226-9036-C0ECE6ABF53D}.Release|x86.ActiveCfg = Release|Win32
		{DC1FFF0E-398D-4226-9036-C0ECE6ABF53D}.Release|x86.Build.0 = Release|Win32
		{F4782C76-4354-42D7-96E2-CAD0E710E696}.Debug|x64.ActiveCfg = Debug|x64
		{F4782C76-4354-42D7-96E2-CAD0E710E696}.Debug|x64.Build.0 = Debug|x64
		{F4782C76-4354-42D7-96E2-CAD0E710E696}.Debug|x86.ActiveCfg = Debug|Win32
		{F4782C76-4354-42D7-96E2-CAD0E710E696}.Debug|x86.Build.0 = Debug|Win32
		{F4782C76-4354-42D7-96E2-CAD0E710E696}.Release|x64.ActiveCfg = Release|x64
		{F4782C76-4354-42D7-96E2-CAD0E710E696}.Release|x64.Build.0 = Release|x64
		{F4782C76-4354-42D7-96E2-CAD0E710E696}.Release|x86.ActiveCfg = Release|Win32
		{F4782C76-4354-42D7-96E2-CAD0E710E696}.Release|x86.Build.0 = Release|Win32
		{624ED29C-C7D5-4DD6-B9BB-F3501A655348}.Debug|x64.ActiveCfg = Debug|x64
		{624ED29C-C7D5-4DD6-B9BB-F3501A655348}.Debug|x64.Build.0 = Debug|x64
		{624ED29C-C7D5-4DD6-B9BB-F3501A655348}.Debug|x86.ActiveCfg = Debug|Win32
		{624ED29C-C7D5-4DD6-B9BB-F3501A655348}.Debug|x86.Build.0 = Debug|Win32
		{624ED29C-C7D5-4DD6-B9BB-F3501A655348}.Release|x64.ActiveCfg = Release|x64
		{624ED29C-C7D5-4DD6-B9BB-F3501A655348}.Release|x64.Build.0 = Release|x64
		{624ED29C-C7D5-4DD6-B9BB-F3501A655348}.Release|x86.ActiveCfg = Release|Win32
		{624ED29C-C7D5-4DD6-B9BB-F3501A655348}.Release|x86.Build.0 = Release|Win32
		{98A863BB-0DE9-4B75-A30B-5C9757D0DEDE}.Debug|x64.ActiveCfg = Debug|x64
		{98A863BB-0DE9-4B75-A30B-5C9757D0DEDE}.Debug|x64.Build.0 = Debug|x64
		{98A863BB-0DE9-4B75-A30B-5C9757D0DEDE}.Debug|x86.ActiveCfg = Debug|Win32
		{98A863BB-0DE9-4B75-A30B-5C9757D0DEDE}.Debug|x86.Build.0 = Debug|Win32
		{98A863BB-0DE9-4B75-A30B-5C9757D0DEDE}.Release|x64.ActiveCfg = Release|x64
		{98A863BB-0DE9-4B75-A30B-5C9757D0DEDE}.Release|x64.Build.0 = Release|x64
		{98A863BB-0DE9-4B75-A30B-5C9757D0DEDE}.Release|x86.ActiveCfg = Release|Win32
		{98A863BB-0DE9-4B75-A30B-5C9757D0DEDE}.Release|x86.Build.0 = Release|Win32
		{EC124196-DB56-4425-A3B3-D562EC1CAE62}.Debug|x64.ActiveCfg = Debug|x64
		{EC124196-DB56-4425-A3B3-D562EC1CAE62}.Debug|x64.Build.0 = Debug|x64
		{EC124196-DB56-4425-A3B3-D562EC1CAE62}.Debug|x86.ActiveCfg = Debug|Win32
		{EC124196-DB56-4425-A3B3-D562EC1CAE62}.Debug|x86.Build.0 = Debug|Win32
		{EC124196-DB56-4425-A3B3-D562EC1CAE62}.Release|x64.ActiveCfg = Release|x64
		{EC124196-DB56-4425-A3B3-D562EC1CAE62}.Release|x64.Build.0 = Release|x64
		{EC124196-DB56-4425-A3B3-D562EC1CAE62}.Release|x86.ActiveCfg = Release|Win32
		{EC124196-DB56-4425-A3B3-D562EC1CAE62}.Release|x86.Build.0 = Release|Win32
		{38EF982B-8CBB-4631-AC22-2ED2B9F5FB92}.Debug|x64.ActiveCfg = Debug|x64
		{38EF982B-8CBB-4631-AC22-2ED2B9F5FB92}.Debug|x64.Build.0 = Debug|x64
		{38EF982B-8CBB-4631-AC22-2ED2B9F5FB92}.Debug|x86.ActiveCfg = Debug|Win32
		{38EF982B-8CBB-4631-AC22-2ED2B9F5FB92}.Debug|x86.Build.0 = Debug|Win32
		{38EF982B-8CBB-4631-AC22-2ED2B9F5FB92}.Release|x64.ActiveCfg = Release|x64
		{38EF982B-8CBB-4631-AC22-2ED2B9F5FB92}.Release|x64.Build.0 = Release|x64
		{38EF982B-8CBB-4631-AC22-2ED2B9F5FB92}.Release|x86.ActiveCfg = Release|Win32
		{38EF982B-8CBB-4631-AC22-2ED2B9F5FB92}.Release|x86.Build.0 = Release|Win32
		{4713BF55-3682-4BC2-BBF8-3040C5DED040}.Debug|x64.ActiveCfg = Debug|x64
		{4713BF55-3682-4BC2-BBF8-3040C5DED040}.Debug|x64.Build.0 = Debug|x64
		{4713BF55-3682-4BC2-BBF8-3040C5DED040}.Debug|x86.ActiveCfg = Debug|Win32
		{4713BF55-3682-4BC2-BBF8-3040C5DED040}.Debug|x86.Build.0 = Debug|Win32
		{4713BF55-3682-4BC2-BBF8-3040C5DED040}.Release|x64.ActiveCfg = Release|x64
		{4713BF55-3682-4BC2-BBF8-3040C5DED040}.Release|x64.Build.0 = Release|x64
		{4713BF55-3682-4BC2-BBF8-3040C5DED040}.Release|x86.ActiveCfg = Release|Win32
		{4713BF55-3682-4BC2-BBF8-3040C5DED040}.Release|x86.Build.0 = Release|Win32
		{60F5D832-C240-4A53-AADC-A947A279DDC8}.Debug|x64.ActiveCfg = Debug|x64
		{60F5D832-C240-4A53-AADC-A947A279DDC8}.Debug|x64.Build.0 = Debug|x64
		{60F5D832-C240-4A53-AADC-A947A279DDC8}.Debug|x86.ActiveCfg = Debug|Win32
		{60F5D832-C240-4A53-AADC-A947A279DDC8}.Debug|x86.Build.0 = Debug|Win32
		{60F5D832-C240-4A53-AADC-A947A279DDC8}.Release|x64.ActiveCfg = Release|x64
		{60F5D832-C240-4A53-AADC-A947A279DDC8}.Release|x64.Build.0 = Release|x64
		{60F5D832-C240-4A53-AADC-A947A279DDC8}.Release|x86.ActiveCfg = Release|Win32
		{60F5D832-C240-4A53-AADC-A947A279DDC8}.Release|x86.Build.0 = Release|Win32
		{C98DFAEF-050A-4D7F-8608-2E164459DF23}.Debug|x64.ActiveCfg = Debug|x64
		{C98DFAEF-050A-4D7F-8608-2E164459DF23}.Debug|x64.Build.0 = Debug|x64
		{C98DFAEF-050A-4D7F-8608-2E164459DF23}.Debug|x86.ActiveCfg = Debug|Win32
		{C98DFAEF-050A-4D7F-8608-2E164459DF23}.Debug|x86.Build.0 = Debug|Win32
		{C98DFAEF-050A-4D7F-8608-2E164459DF23}.Release|x64.ActiveCfg = Release|x64
		{C98DFAEF-050A-4D7F-8608-2E164459DF23}.Release|x64.Build.0 = Release|x64
		{C98DFAEF-050A-4D7F-8608-2E164459DF23}.Release|x86.ActiveCfg = Release|Win32
		{C98DFAEF-050A-4D7F-8608-2E164459DF23}.Release|x86.Build.0 = Release|Win32
		{48424F1D-7687-42BF-888A-BD8494D73281}.Debug|x64.ActiveCfg = Debug|x64
		{48424F1D-7687-42BF-888A-BD8494D73281}.Debug|x64.Build.0 = Debug|x64
		{48424F1D-7687-42BF-888A-BD8494D73281}.Debug|x86.ActiveCfg = Debug|Win32
		{48424F1D-7687-42BF-888A-BD8494D73281}.Debug|x86.Build.0 = Debug|Win32
		{48424F1D-7687-42BF-888A-BD8494D73281}.Release|x64.ActiveCfg = Release|x64
		{48424F1D-7687-42BF-888A-BD8494D73281}.Release|x64.Build.0 = Release|x64
		{48424F1D-7687-42BF-888A-BD8494D73281}.Release|x86.ActiveCfg = Release|Win32
		{48424F1D-7687-42BF-888A-BD8494D73281}.Release|x86.Build.0 = Release|Win32
		{9C874FF5-50A0-46B5-B6F5-223014AA2FD9}.Debug|x64.ActiveCfg = Debug|x64
		{9C874FF5-50A0-46B5-B6F5-223014AA2FD9}.Debug|x64.Build.0 = Debug|x64
		{9C874FF5-50A0-46B5-B6F5-223014AA2FD9}.Debug|x86.ActiveCfg = Debug|Win32
		{9C874FF5-50A0-46B5-B6F5-223014AA2FD9}.Debug|x86.Build.0 = Debug|Win32
		{9C874FF5-50A0-46B5-B6F5-223014AA2FD9}.Release|x64.ActiveCfg = Release|x64
		{9C874FF5-50A0-46B5-B6F5-223014AA2FD9}.Release|x64.Build.0 = Release|x64
		{9C874FF5-50A0-46B5-B6F5-223014AA2FD9}.Release|x86.ActiveCfg = Release|Win32
		{9C874FF5-50A0-46B5-B6F5-223014AA2FD9}.Release|x86.Build.0 = Release|Win32
		{4FF3434B-809A-44B1-8597-3EF4FF9A0472}.Debug|x64.ActiveCfg = Debug|x64
		{4FF3434B-809A-44B1-8597-3EF4FF9A0472}.Debug|x64.Build.0 = Debug|x64
		{4FF3434B-809A-44B1-8597-3EF4FF9A0472}.Debug|x86.ActiveCfg = Debug|Win32
		{4FF3434B-809A-44B1-8597-3EF4FF9A0472}.Debug|x86.Build.0 = Debug|Win32
		{4FF3434B-809A-44B1-8597-3EF4FF9A0472}.Release|x64.ActiveCfg = Release|x64
		{4FF3434B-809A-44B1-8597-3EF4FF9A0472}.Release|x64.Build.0 = Release|x64
		{4FF3434B-809A-44B1-8597-3EF4FF9A0472}.Release|x86.ActiveCfg = Release|Win32
		{4FF3434B-809A-44B1-8597-3EF4FF9A0472}.Release|x86.Build.0 = Release|Win32
		{95B216B9-35F8-4B00-88A3-6FE2F12513F6}.Debug|x64.ActiveCfg = Debug|x64
		{95B216B9-35F8-4B00-88A3-6FE2F12513F6}.Debug|x64.Build.0 = Debug|x64
		{95B216B9-35F8-4B00-88A3-6FE2F12513F6}.Debug|x86.ActiveCfg = Debug|Win32
		{95B216B9-35F8-4B00-88A3-6FE2F12513F6}.Debug|x86.Build.0 = Debug|Win32
		{95B216B9-35F8-4B00-88A3-6FE2F12513F6}.Release|x64.ActiveCfg = Release|x64
		{95B216B9-35F8-4B00-88A3-6FE2F12513F6}.Release|x64.Build.0 = Release|x64
		{95B216B9-35F8-4B00-88A3-6FE2F12513F6}.Release|x86.ActiveCfg = Release|Win32
		{95B216B9-35F8-4B00-88A3-6FE2F12513F6}.Release|x86.Build.0 = Release|Win32
		{C8703607-2C16-48E3-9DAA-DAB2D30D4422}.Debug|x64.ActiveCfg = Debug|x64
		{C8703607-2C16-48E3-9DAA-DAB2D30D4422}.Debug|x64.Build.0 = Debug|x64
		{C8703607-2C16-48E3-9DAA-DAB2D30D4422}.Debug|x86.ActiveCfg = Debug|Win32
		{C8703607-2C16-48E3-9DAA-DAB2D30D4422}.Debug|x86.Build.0 = Debug|Win32
		{C8703607-2C16-48E3-9DAA-DAB2D30D4422}.Release|x64.ActiveCfg = Release|x64
		{C8703607-2C16-48E3-9DAA-DAB2D30D4422}.Release|x64.Build.0 = Release|x64
		{C8703607-2C16-48E3-9DAA-DAB2D30D4422}.Release|x86.ActiveCfg = Release|Win32
		{C8703607-2C16-48E3-9DAA-DAB2D30D4422}.Release|x86.Build.0 = Release|Win32
		{9FE9363C-3FA8-48DD-B952-618FEC5502BC}.Debug|x64.ActiveCfg = Debug|x64
		{9FE9363C-3FA8-48DD-B952-618FEC5502BC}.Debug|x64.Build.0 = Debug|x64
		{9FE9363C-3FA8-48DD-B952-618FEC5502BC}.Debug|x86.ActiveCfg = Debug|Win32
		{9FE9363C-3FA8-48DD-B952-618FEC5502BC}.Debug|x86.Build.0 = Debug|Win32
		{9FE9363C-3FA8-48DD-B952-618FEC5502BC}.Release|x64.ActiveCfg = Release|x64
		{9FE9363C-3FA8-48DD-B952-618FEC5502BC}.Release|x64.Build.0 = Release|x64
		{9FE9363C-3FA8-48DD-B952-618FEC5502BC}.Release|x86.ActiveCfg = Release|Win32
		{9FE9363C-3FA8-48DD-B952-618FEC5502BC}.Release|x86.Build.0 = Release|Win32
		{CDA0B10F-30B0-4303-A5F5-6E7093B49E77}.Debug|x64.ActiveCfg = Debug|x64
		{CDA0B10F-30B0-4303-A5F5-6E7093B49E77}.Debug|x64.Build.0 = Debug|x64
		{CDA0B10F-30B0-4303-A5F5-6E7093B49E77}.Debug|x86.ActiveCfg = Debug|Win32
		{CDA0B10F-30B0-4303-A5F5-6E7093B49E77}.Debug|x86.Build.0 = Debug|Win32
		{CDA0B10F-30B0-4303-A5F5-6E7093B49E77}.Release|x64.ActiveCfg = Release|x64
		{CDA0B10F-30B0-4303-A5F5-6E7093B49E77}.Release|x64.Build.0 = Release|x64
		{CDA0B10F-30B0-4303-A5F5-6E7093B49E77}.Release|x86.ActiveCfg = Release|Win32
		{CDA0B10F-30B0-4303-A5F5-6E7093B49E77}.Release|x86.Build.0 = Release|Win32
		{A6FF72DD-BB7D-4F6F-BBD0-4EB3FCB2022D}.Debug|x64.ActiveCfg = Debug|x64
		{A6FF72DD-BB7D-4F6F-BBD0-4EB3FCB2022D}.Debug|x64.Build.0 = Debug|x64
		{A6FF72DD-BB7D-4F6F-BBD0-4EB3FCB2022D}.Debug|x86.ActiveCfg = Debug|Win32
		{A6FF72DD-BB7D-4F6F-BBD0-4EB3FCB2022D}.Debug|x86.Build.0 = Debug|Win32
		{A6FF72DD-BB7D-4F6F-BBD0-4EB3FCB2022D}.Release|x64.ActiveCfg = Release|x64
		{A6FF72DD-BB7D-4F6F-BBD0-4EB3FCB2022D}.Release|x64.Build.0 = Release|x64
		{A6FF72DD-BB7D-4F6F-BBD0-4EB3FCB2022D}.Release|x86.ActiveCfg = Release|Win32
		{A6FF72DD-BB7D-4F6F-BBD0-4EB3FCB2022D}.Release|x86.Build.0 = Release|Win32
		{B4D71736-6364-455D-B4D1-1470D86CB97F}.Debug|x64.ActiveCfg = Debug|x64
		{B4D71736-6364-455D-B4D1-1470D86CB97F}.Debug|x64.Build.0 = Debug|x64
		{B4D71736-6364-455D-B4D1-1470D86CB97F}.Debug|x86.ActiveCfg = Debug|Win32
		{B4D71736-6364-455D-B4D1-1470D86CB97F}.Debug|x86.Build.0 = Debug|Win32
		{B4D71736-6364-455D-B4D1-1470D86CB97F}.Release|x64.ActiveCfg = Release|x64
		{B4D71736-6364-455D-B4D1-1470D86CB97F}.Release|x64.Build.0 = Release|x64
		{B4D71736-6364-455D-B4D1-1470D86CB97F}.Release|x86.ActiveCfg = Release|Win32
		{B4D71736-6364-455D-B4D1-1470D86CB97F}.Release|x86.Build.0 = Release|Win32
		{4A1EF274-1065-4774-9979-AF0B765C07B0}.Debug|x64.ActiveCfg = Debug|x64
		{4A1EF274-1065-4774-9979-AF0B765C07B0}.Debug|x64.Build.0 = Debug|x64
		{4A1EF274-1065-4774-9979-AF0B765C07B0}.Debug|x86.ActiveCfg = Debug|Win32
		{4A1EF274-1065-4774-9979-AF0B765C07B0}.Debug|x86.Build.0 = Debug|Win32
		{4A1EF274-1065-4774-9979-AF0B765C07B0}.Release|x64.ActiveCfg = Release|x64
		{4A1EF274-1065-4774-9979-AF0B765C07B0}.Release|x64.Build.0 = Release|x64
		{4A1EF274-1065-4774-9979-AF0B765C07B0}.Release|x86.ActiveCfg = Release|Win32
		{4A1EF274-1065-4774-9979-AF0B765C07B0}.Release|x86.Build.0 = Release|Win32
		{A77DA238-BEF1-46AA-B38A-BC282CA7A10C}.Debug|x64.ActiveCfg = Debug|x64
		{A77DA238-BEF1-46AA-B38A-BC282CA7A10C}.Debug|x64.Build.0 = Debug|x64
		{A77DA238-BEF1-46AA-B38A-BC282CA7A10C}.Debug|x86.ActiveCfg = Debug|Win32
		{A77DA238-BEF1-46AA-B38A-BC282CA7A10C}.Debug|x86.Build.0 = Debug|Win32
		{A77DA238-BEF1-46AA-B38A-BC282CA7A10C}.Release|x64.ActiveCfg = Release|x64
		{A77DA238-BEF1-46AA-B38A-BC282CA7A10C}.Release|x64.Build.0 = Release|x64
		{A77DA238-BEF1-46AA-B38A-BC282CA7A10C}.Release|x86.ActiveCfg = Release|Win32
		{A77DA238-BEF1-46AA-B38A-BC282CA7A10C}.Release|x86.Build.0 = Release|Win32
		{69FC26E9-629A-4B47-AD31-3515302B6599}.Debug|x64.ActiveCfg = Debug|x64
		{69FC26E9-629A-4B47-AD31-3515302B6599}.Debug|x64.Build.0 = Debug|x64
		{69FC26E9-629A-4B47-AD31-3515302B6599}.Debug|x86.ActiveCfg = Debug|Win32
		{69FC26E9-629A-4B47-AD31-3515302B6599}.Debug|x86.Build.0 = Debug|Win32
		{69FC26E9-629A-4B47-AD31-3515302B6599}.Release|x64.ActiveCfg = Release|x64
		{69FC26E9-629A-4B47-AD31-3515302B6599}.Release|x64.Build.0 = Release|x64
		{69FC26E9-629A-4B47-AD31-3515302B6599}.Release|x86.ActiveCfg = Release|Win32
		{69FC26E9-629A-4B47-AD31-3515302B6599}.Release|x86.Build.0 = Release|Win32
		{5ED6B9CD-0349-4863-A4D2-3E3A80B45484}.Debug|x64.ActiveCfg = Debug|x64
		{5ED6B9CD-0349-4863-A4D2-3E3A80B45484}.Debug|x64.Build.0 = Debug|x64
		{5ED6B9CD-0349-4863-A4D2-3E3A80B45484}.Debug|x86.ActiveCfg = Debug|Win32
		{5ED6B9CD-0349-4863-A4D2-3E3A80B45484}.Debug|x86.Build.0 = Debug|Win32
		{5ED6B9CD-0349-4863-A4D2-3E3A80B45484}.Release|x64.ActiveCfg = Release|x64
		{5ED6B9CD-0349-4863-A4D2-3E3A80B45484}.Release|x64.Build.0 = Release|x64
		{5ED6B9CD-0349-4863-A4D2-3E3A80B45484}.Release|x86.ActiveCfg = Release|Win32
		{5ED6B9CD-0349-4863-A4D2-3E3A80B45484}.Release|x86.Build.0 = Release|Win32
		{5E39C898-7F04-4DC5-9461-E810BC1ABCF3}.Debug|x64.ActiveCfg = Debug|x64
		{5E39C898-7F04-4DC5-9461-E810BC1ABCF3}.Debug|x64.Build.0 = Debug|x64
		{5E39C898-7F04-4DC5-9461-E810BC1ABCF3}.Debug|x86.ActiveCfg = Debug|Win32
		{5E39C898-7F04-4DC5-9461-E810BC1ABCF3}.Debug|x86.Build.0 = Debug|Win32
		{5E39C898-7F04-4DC5-9461-E810BC1ABCF3}.Release|x64.ActiveCfg = Release|x64
		{5E39C898-7F04-4DC5-9461-E810BC1ABCF3}.Release|x64.Build.0 = Release|x64
		{5E39C898-7F04-4DC5-9461-E810BC1ABCF3}.Release|x86.ActiveCfg = Release|Win32
		{5E39C898-7F04-4DC5-9461-E810BC1ABCF3}.Release|x86.Build.0 = Release|Win32
		{20B6B5ED-A9AE-4F87-9E00-4EC9D78E238B}.Debug|x64.ActiveCfg = Debug|x64
		{20B6B5ED-A9AE-4F87-9E00-4EC9D78E238B}.Debug|x64.Build.0 = Debug|x64
		{20B6B5ED-A9AE-4F87-9E00-4EC9D78E238B}.Debug|x86.ActiveCfg = Debug|Win32
		{20B6B5ED-A9AE-4F87-9E00-4EC9D78E238B}.Debug|x86.Build.0 = Debug|Win32
		{20B6B5ED-A9AE-4F87-9E00-4EC9D78E238B}.Release|x64.ActiveCfg = Release|x64
		{20B6B5ED-A9AE-4F87-9E00-4EC9D78E238B}.Release|x64.Build.0 = Release|x64
		{20B6B5ED-A9AE-4F87-9E00-4EC9D78E238B}.Release|x86.ActiveCfg = Release|Win32
		{20B6B5ED-A9AE-4F87-9E00-4EC9D78E238B}.Release|x86.Build.0 = Release|Win32
		{6D54A528-762A-4C38-80B1-9BB8EDDA7E47}.Debug|x64.ActiveCfg = Debug|x64
		{6D54A528-762A-4C38-80B1-9BB8EDDA7E47}.Debug|x64.Build.0 = Debug|x64
		{6D54A528-762A-4C38-80B1-9BB8EDDA7E47}.Debug|x86.ActiveCfg = Debug|Win32
		{6D54A528-762A-4C38-80B1-9BB8EDDA7E47}.Debug|x86.Build.0 = Debug|Win32
		{6D54A528-762A-4C38-80B1-9BB8EDDA7E47}.Release|x64.ActiveCfg = Release|x64
		{6D54A528-762A-4C38-80B1-9BB8EDDA7E47}.Release|x64.Build.0 = Release|x64
		{6D54A528-762A-4C38-80B1-9BB8EDDA7E47}.Release|x86.ActiveCfg = Release|Win32
		{6D54A528-762A-4C38-80B1-9BB8EDDA7E47}.Release|x86.Build.0 = Release|Win32
		{862A3F27-1E5B-4AAE-A240-66DC62669876}.Debug|x64.ActiveCfg = Debug|x64
		{862A3F27-1E5B-4AAE-A240-66DC62669876}.Debug|x64.Build.0 = Debug|x64
		{862A3F27-1E5B-4AAE-A240-66DC62669876}.Debug|x86.ActiveCfg = Debug|Win32
		{862A3F27-1E5B-4AAE-A240-66DC62669876}.Debug|x86.Build.0 = Debug|Win32
		{862A3F27-1E5B-4AAE-A240-66DC62669876}.Release|x64.ActiveCfg = Release|x64
		{862A3F27-1E5B-4AAE-A240-66DC62669876}.Release|x64.Build.0 = Release|x64
		{862A3F27-1E5B-4AAE-A240-66DC62669876}.Release|x86.ActiveCfg = Release|Win32
		{862A3F27-1E5B-4AAE-A240-66DC62669876}.Release|x86.Build.0 = Release|Win32
		{5AA39752-5D3B-4F65-A3E5-AE309662A1B8}.Debug|x64.ActiveCfg = Debug|x64
		{5AA39752-5D3B-4F65-A3E5-AE309662A1B8}.Debug|x64.Build.0 = Debug|x64
		{5AA39752-5D3B-4F65-A3E5-AE309662A1B8}.Debug|x86.ActiveCfg = Debug|Win32
		{5AA39752-5D3B-4F65-A3E5-AE309662A1B8}.Debug|x86.Build.0 = Debug|Win32
		{5AA39752-5D3B-4F65-A3E5-AE309662A1B8}.Release|x64.ActiveCfg = Release|x64
		{5AA39752-5D3B-4F65-A3E5-AE309662A1B8}.Release|x64.Build.0 = Release|x64
		{5AA39752-5D3B-4F65-A3E5-AE309662A1B8}.Release|x86.ActiveCfg = Release|Win32
		{5AA39752-5D3B-4F65-A3E5-AE309662A1B8}.Release|x86.Build.0 = Release|Win32
		{BC99B097-3A21-4EC9-94DC-BA4AF187F1EF}.Debug|x64.ActiveCfg = Debug|x64
		{BC99B097-3A21-4EC9-94DC-BA4AF187F1EF}.Debug|x64.Build.0 = Debug|x64
		{BC99B097-3A21-4EC9-94DC-BA4AF187F1EF}.Debug|x86.ActiveCfg = Debug|Win32
		{BC99B097-3A21-4EC9-94DC-BA4AF187F1EF}.Debug|x86.Build.0 = Debug|Win32
		{BC99B097-3A21-4EC9-94DC-BA4AF187F1EF}.Release|x64.ActiveCfg = Release|x64
		{BC99B097-3A21-4EC9-94DC-BA4AF187F1EF}.Release|x64.Build.0 = Release|x64
		{BC99B097-3A21-4EC9-94DC-BA4AF187F1EF}.Release|x86.ActiveCfg = Release|Win32
		{BC99B097-3A21-4EC9-94DC-BA4AF187F1EF}.Release|x86.Build.0 = Release|Win32
		{1D649FCA-0D08-4C86-A795-9ABF13B06AA5}.Debug|x64.ActiveCfg = Debug|x64
		{1D649FCA-0D08-4C86-A795-9ABF13B06AA5}.Debug|x64.Build.0 = Debug|x64
		{1D649FCA-0D08-4C86-A795-9ABF13B06AA5}.Debug|x86.ActiveCfg = Debug|Win32
		{1D649FCA-0D08-4C86-A795-9ABF13B06AA5}.Debug|x86.Build.0 = Debug|Win32
		{1D649FCA-0D08-4C86-A795-9ABF13B06AA5}.Release|x64.ActiveCfg = Release|x64
		{1D649FCA-0D08-4C86-A795-9ABF13B06AA5}.Release|x64.Build.0 = Release|x64
		{1D649FCA-0D08-4C86-A795-9ABF13B06AA5}.Release|x86.ActiveCfg = Release|Win32
		{1D649FCA-0D08-4C86-A795-9ABF13B06AA5}.Release|x86.Build.0 = Release|Win32
	EndGlobalSection
	GlobalSection(SolutionProperties) = preSolution
		HideSolutionNode = FALSE
	EndGlobalSection
	GlobalSection(ExtensibilityGlobals) = postSolution
		SolutionGuid = {4A2512BC-737A-43E4-9EB0-0524841D26FC}
	EndGlobalSection
EndGlobal
